// !$*UTF8*$!
{
	archiveVersion = 1;
	classes = {
	};
	objectVersion = 56;
	objects = {

/* Begin PBXBuildFile section */
		E7F4C1E62B6D2A07009D649C /* MinimalTodoApp.swift in Sources */ = {isa = PBXBuildFile; fileRef = E7F4C1E52B6D2A07009D649C /* MinimalTodoApp.swift */; };
		E7F4C1E82B6D2A07009D649C /* ContentView.swift in Sources */ = {isa = PBXBuildFile; fileRef = E7F4C1E72B6D2A07009D649C /* ContentView.swift */; };
		E7F4C1EA2B6D2A0B009D649C /* Assets.xcassets in Resources */ = {isa = PBXBuildFile; fileRef = E7F4C1E92B6D2A0B009D649C /* Assets.xcassets */; };
		E7F4C1ED2B6D2A0B009D649C /* Preview Assets.xcassets in Resources */ = {isa = PBXBuildFile; fileRef = E7F4C1EC2B6D2A0B009D649C /* Preview Assets.xcassets */; };
		E7F4C1F42B6D2A14009D649C /* Todo.swift in Sources */ = {isa = PBXBuildFile; fileRef = E7F4C1F32B6D2A14009D649C /* Todo.swift */; };
		E7F4C1F62B6D2C0A009D649C /* Home.swift in Sources */ = {isa = PBXBuildFile; fileRef = E7F4C1F52B6D2C0A009D649C /* Home.swift */; };
		E7F4C1F82B6D2EAE009D649C /* CompletedTodoList.swift in Sources */ = {isa = PBXBuildFile; fileRef = E7F4C1F72B6D2EAE009D649C /* CompletedTodoList.swift */; };
		E7F4C1FA2B6D3238009D649C /* TodoRowView.swift in Sources */ = {isa = PBXBuildFile; fileRef = E7F4C1F92B6D3238009D649C /* TodoRowView.swift */; };
		E7F4C21B2B6D4027009D649C /* WidgetKit.framework in Frameworks */ = {isa = PBXBuildFile; fileRef = E7F4C2012B6D400E009D649C /* WidgetKit.framework */; };
		E7F4C21C2B6D4027009D649C /* SwiftUI.framework in Frameworks */ = {isa = PBXBuildFile; fileRef = E7F4C2032B6D400E009D649C /* SwiftUI.framework */; };
		E7F4C21F2B6D4027009D649C /* TodoListBundle.swift in Sources */ = {isa = PBXBuildFile; fileRef = E7F4C21E2B6D4027009D649C /* TodoListBundle.swift */; };
		E7F4C2212B6D4027009D649C /* TodoList.swift in Sources */ = {isa = PBXBuildFile; fileRef = E7F4C2202B6D4027009D649C /* TodoList.swift */; };
		E7F4C2232B6D4028009D649C /* Assets.xcassets in Resources */ = {isa = PBXBuildFile; fileRef = E7F4C2222B6D4028009D649C /* Assets.xcassets */; };
		E7F4C2272B6D4028009D649C /* TodoListExtension.appex in Embed Foundation Extensions */ = {isa = PBXBuildFile; fileRef = E7F4C21A2B6D4027009D649C /* TodoListExtension.appex */; settings = {ATTRIBUTES = (RemoveHeadersOnCopy, ); }; };
		E7F4C22B2B6D412D009D649C /* Todo.swift in Sources */ = {isa = PBXBuildFile; fileRef = E7F4C1F32B6D2A14009D649C /* Todo.swift */; };
/* End PBXBuildFile section */

/* Begin PBXContainerItemProxy section */
		E7F4C2252B6D4028009D649C /* PBXContainerItemProxy */ = {
			isa = PBXContainerItemProxy;
			containerPortal = E7F4C1DA2B6D2A07009D649C /* Project object */;
			proxyType = 1;
			remoteGlobalIDString = E7F4C2192B6D4027009D649C;
			remoteInfo = TodoListExtension;
		};
/* End PBXContainerItemProxy section */

/* Begin PBXCopyFilesBuildPhase section */
		E7F4C2152B6D4010009D649C /* Embed Foundation Extensions */ = {
			isa = PBXCopyFilesBuildPhase;
			buildActionMask = 2147483647;
			dstPath = "";
			dstSubfolderSpec = 13;
			files = (
				E7F4C2272B6D4028009D649C /* TodoListExtension.appex in Embed Foundation Extensions */,
			);
			name = "Embed Foundation Extensions";
			runOnlyForDeploymentPostprocessing = 0;
		};
/* End PBXCopyFilesBuildPhase section */

/* Begin PBXFileReference section */
		E7F4C1E22B6D2A07009D649C /* MinimalTodo.app */ = {isa = PBXFileReference; explicitFileType = wrapper.application; includeInIndex = 0; path = MinimalTodo.app; sourceTree = BUILT_PRODUCTS_DIR; };
		E7F4C1E52B6D2A07009D649C /* MinimalTodoApp.swift */ = {isa = PBXFileReference; lastKnownFileType = sourcecode.swift; path = MinimalTodoApp.swift; sourceTree = "<group>"; };
		E7F4C1E72B6D2A07009D649C /* ContentView.swift */ = {isa = PBXFileReference; lastKnownFileType = sourcecode.swift; path = ContentView.swift; sourceTree = "<group>"; };
		E7F4C1E92B6D2A0B009D649C /* Assets.xcassets */ = {isa = PBXFileReference; lastKnownFileType = folder.assetcatalog; path = Assets.xcassets; sourceTree = "<group>"; };
		E7F4C1EC2B6D2A0B009D649C /* Preview Assets.xcassets */ = {isa = PBXFileReference; lastKnownFileType = folder.assetcatalog; path = "Preview Assets.xcassets"; sourceTree = "<group>"; };
		E7F4C1F32B6D2A14009D649C /* Todo.swift */ = {isa = PBXFileReference; lastKnownFileType = sourcecode.swift; path = Todo.swift; sourceTree = "<group>"; };
		E7F4C1F52B6D2C0A009D649C /* Home.swift */ = {isa = PBXFileReference; lastKnownFileType = sourcecode.swift; path = Home.swift; sourceTree = "<group>"; };
		E7F4C1F72B6D2EAE009D649C /* CompletedTodoList.swift */ = {isa = PBXFileReference; lastKnownFileType = sourcecode.swift; path = CompletedTodoList.swift; sourceTree = "<group>"; };
		E7F4C1F92B6D3238009D649C /* TodoRowView.swift */ = {isa = PBXFileReference; lastKnownFileType = sourcecode.swift; path = TodoRowView.swift; sourceTree = "<group>"; };
		E7F4C2012B6D400E009D649C /* WidgetKit.framework */ = {isa = PBXFileReference; lastKnownFileType = wrapper.framework; name = WidgetKit.framework; path = System/Library/Frameworks/WidgetKit.framework; sourceTree = SDKROOT; };
		E7F4C2032B6D400E009D649C /* SwiftUI.framework */ = {isa = PBXFileReference; lastKnownFileType = wrapper.framework; name = SwiftUI.framework; path = System/Library/Frameworks/SwiftUI.framework; sourceTree = SDKROOT; };
		E7F4C21A2B6D4027009D649C /* TodoListExtension.appex */ = {isa = PBXFileReference; explicitFileType = "wrapper.app-extension"; includeInIndex = 0; path = TodoListExtension.appex; sourceTree = BUILT_PRODUCTS_DIR; };
		E7F4C21E2B6D4027009D649C /* TodoListBundle.swift */ = {isa = PBXFileReference; lastKnownFileType = sourcecode.swift; path = TodoListBundle.swift; sourceTree = "<group>"; };
		E7F4C2202B6D4027009D649C /* TodoList.swift */ = {isa = PBXFileReference; lastKnownFileType = sourcecode.swift; path = TodoList.swift; sourceTree = "<group>"; };
		E7F4C2222B6D4028009D649C /* Assets.xcassets */ = {isa = PBXFileReference; lastKnownFileType = folder.assetcatalog; path = Assets.xcassets; sourceTree = "<group>"; };
		E7F4C2242B6D4028009D649C /* Info.plist */ = {isa = PBXFileReference; lastKnownFileType = text.plist.xml; path = Info.plist; sourceTree = "<group>"; };
		E7F4C22C2B6D4396009D649C /* TodoListExtension.entitlements */ = {isa = PBXFileReference; lastKnownFileType = text.plist.entitlements; path = TodoListExtension.entitlements; sourceTree = "<group>"; };
		E7F4C22D2B6D43B1009D649C /* MinimalTodo.entitlements */ = {isa = PBXFileReference; lastKnownFileType = text.plist.entitlements; path = MinimalTodo.entitlements; sourceTree = "<group>"; };
/* End PBXFileReference section */

/* Begin PBXFrameworksBuildPhase section */
		E7F4C1DF2B6D2A07009D649C /* Frameworks */ = {
			isa = PBXFrameworksBuildPhase;
			buildActionMask = 2147483647;
			files = (
			);
			runOnlyForDeploymentPostprocessing = 0;
		};
		E7F4C2172B6D4027009D649C /* Frameworks */ = {
			isa = PBXFrameworksBuildPhase;
			buildActionMask = 2147483647;
			files = (
				E7F4C21C2B6D4027009D649C /* SwiftUI.framework in Frameworks */,
				E7F4C21B2B6D4027009D649C /* WidgetKit.framework in Frameworks */,
			);
			runOnlyForDeploymentPostprocessing = 0;
		};
/* End PBXFrameworksBuildPhase section */

/* Begin PBXGroup section */
		E7F4C1D92B6D2A07009D649C = {
			isa = PBXGroup;
			children = (
				E7F4C22C2B6D4396009D649C /* TodoListExtension.entitlements */,
				E7F4C1E42B6D2A07009D649C /* MinimalTodo */,
				E7F4C21D2B6D4027009D649C /* TodoList */,
				E7F4C2002B6D400E009D649C /* Frameworks */,
				E7F4C1E32B6D2A07009D649C /* Products */,
			);
			sourceTree = "<group>";
		};
		E7F4C1E32B6D2A07009D649C /* Products */ = {
			isa = PBXGroup;
			children = (
				E7F4C1E22B6D2A07009D649C /* MinimalTodo.app */,
				E7F4C21A2B6D4027009D649C /* TodoListExtension.appex */,
			);
			name = Products;
			sourceTree = "<group>";
		};
		E7F4C1E42B6D2A07009D649C /* MinimalTodo */ = {
			isa = PBXGroup;
			children = (
				E7F4C22D2B6D43B1009D649C /* MinimalTodo.entitlements */,
				E7F4C1E52B6D2A07009D649C /* MinimalTodoApp.swift */,
				E7F4C1E72B6D2A07009D649C /* ContentView.swift */,
				E7F4C1F32B6D2A14009D649C /* Todo.swift */,
				E7F4C1F52B6D2C0A009D649C /* Home.swift */,
				E7F4C1F72B6D2EAE009D649C /* CompletedTodoList.swift */,
				E7F4C1F92B6D3238009D649C /* TodoRowView.swift */,
				E7F4C1E92B6D2A0B009D649C /* Assets.xcassets */,
				E7F4C1EB2B6D2A0B009D649C /* Preview Content */,
			);
			path = MinimalTodo;
			sourceTree = "<group>";
		};
		E7F4C1EB2B6D2A0B009D649C /* Preview Content */ = {
			isa = PBXGroup;
			children = (
				E7F4C1EC2B6D2A0B009D649C /* Preview Assets.xcassets */,
			);
			path = "Preview Content";
			sourceTree = "<group>";
		};
		E7F4C2002B6D400E009D649C /* Frameworks */ = {
			isa = PBXGroup;
			children = (
				E7F4C2012B6D400E009D649C /* WidgetKit.framework */,
				E7F4C2032B6D400E009D649C /* SwiftUI.framework */,
			);
			name = Frameworks;
			sourceTree = "<group>";
		};
		E7F4C21D2B6D4027009D649C /* TodoList */ = {
			isa = PBXGroup;
			children = (
				E7F4C21E2B6D4027009D649C /* TodoListBundle.swift */,
				E7F4C2202B6D4027009D649C /* TodoList.swift */,
				E7F4C2222B6D4028009D649C /* Assets.xcassets */,
				E7F4C2242B6D4028009D649C /* Info.plist */,
			);
			path = TodoList;
			sourceTree = "<group>";
		};
/* End PBXGroup section */

/* Begin PBXNativeTarget section */
		E7F4C1E12B6D2A07009D649C /* MinimalTodo */ = {
			isa = PBXNativeTarget;
			buildConfigurationList = E7F4C1F02B6D2A0B009D649C /* Build configuration list for PBXNativeTarget "MinimalTodo" */;
			buildPhases = (
				E7F4C1DE2B6D2A07009D649C /* Sources */,
				E7F4C1DF2B6D2A07009D649C /* Frameworks */,
				E7F4C1E02B6D2A07009D649C /* Resources */,
				E7F4C2152B6D4010009D649C /* Embed Foundation Extensions */,
			);
			buildRules = (
			);
			dependencies = (
				E7F4C2262B6D4028009D649C /* PBXTargetDependency */,
			);
			name = MinimalTodo;
			productName = MinimalTodo;
			productReference = E7F4C1E22B6D2A07009D649C /* MinimalTodo.app */;
			productType = "com.apple.product-type.application";
		};
		E7F4C2192B6D4027009D649C /* TodoListExtension */ = {
			isa = PBXNativeTarget;
			buildConfigurationList = E7F4C2282B6D4028009D649C /* Build configuration list for PBXNativeTarget "TodoListExtension" */;
			buildPhases = (
				E7F4C2162B6D4027009D649C /* Sources */,
				E7F4C2172B6D4027009D649C /* Frameworks */,
				E7F4C2182B6D4027009D649C /* Resources */,
			);
			buildRules = (
			);
			dependencies = (
			);
			name = TodoListExtension;
			productName = TodoListExtension;
			productReference = E7F4C21A2B6D4027009D649C /* TodoListExtension.appex */;
			productType = "com.apple.product-type.app-extension";
		};
/* End PBXNativeTarget section */

/* Begin PBXProject section */
		E7F4C1DA2B6D2A07009D649C /* Project object */ = {
			isa = PBXProject;
			attributes = {
				BuildIndependentTargetsInParallel = 1;
				LastSwiftUpdateCheck = 1520;
				LastUpgradeCheck = 1520;
				TargetAttributes = {
					E7F4C1E12B6D2A07009D649C = {
						CreatedOnToolsVersion = 15.2;
					};
					E7F4C2192B6D4027009D649C = {
						CreatedOnToolsVersion = 15.2;
					};
				};
			};
			buildConfigurationList = E7F4C1DD2B6D2A07009D649C /* Build configuration list for PBXProject "MinimalTodo" */;
			compatibilityVersion = "Xcode 14.0";
			developmentRegion = en;
			hasScannedForEncodings = 0;
			knownRegions = (
				en,
				Base,
			);
			mainGroup = E7F4C1D92B6D2A07009D649C;
			productRefGroup = E7F4C1E32B6D2A07009D649C /* Products */;
			projectDirPath = "";
			projectRoot = "";
			targets = (
				E7F4C1E12B6D2A07009D649C /* MinimalTodo */,
				E7F4C2192B6D4027009D649C /* TodoListExtension */,
			);
		};
/* End PBXProject section */

/* Begin PBXResourcesBuildPhase section */
		E7F4C1E02B6D2A07009D649C /* Resources */ = {
			isa = PBXResourcesBuildPhase;
			buildActionMask = 2147483647;
			files = (
				E7F4C1ED2B6D2A0B009D649C /* Preview Assets.xcassets in Resources */,
				E7F4C1EA2B6D2A0B009D649C /* Assets.xcassets in Resources */,
			);
			runOnlyForDeploymentPostprocessing = 0;
		};
		E7F4C2182B6D4027009D649C /* Resources */ = {
			isa = PBXResourcesBuildPhase;
			buildActionMask = 2147483647;
			files = (
				E7F4C2232B6D4028009D649C /* Assets.xcassets in Resources */,
			);
			runOnlyForDeploymentPostprocessing = 0;
		};
/* End PBXResourcesBuildPhase section */

/* Begin PBXSourcesBuildPhase section */
		E7F4C1DE2B6D2A07009D649C /* Sources */ = {
			isa = PBXSourcesBuildPhase;
			buildActionMask = 2147483647;
			files = (
				E7F4C1E82B6D2A07009D649C /* ContentView.swift in Sources */,
				E7F4C1FA2B6D3238009D649C /* TodoRowView.swift in Sources */,
				E7F4C1F82B6D2EAE009D649C /* CompletedTodoList.swift in Sources */,
				E7F4C1F42B6D2A14009D649C /* Todo.swift in Sources */,
				E7F4C1F62B6D2C0A009D649C /* Home.swift in Sources */,
				E7F4C1E62B6D2A07009D649C /* MinimalTodoApp.swift in Sources */,
			);
			runOnlyForDeploymentPostprocessing = 0;
		};
		E7F4C2162B6D4027009D649C /* Sources */ = {
			isa = PBXSourcesBuildPhase;
			buildActionMask = 2147483647;
			files = (
				E7F4C21F2B6D4027009D649C /* TodoListBundle.swift in Sources */,
				E7F4C22B2B6D412D009D649C /* Todo.swift in Sources */,
				E7F4C2212B6D4027009D649C /* TodoList.swift in Sources */,
			);
			runOnlyForDeploymentPostprocessing = 0;
		};
/* End PBXSourcesBuildPhase section */

/* Begin PBXTargetDependency section */
		E7F4C2262B6D4028009D649C /* PBXTargetDependency */ = {
			isa = PBXTargetDependency;
			target = E7F4C2192B6D4027009D649C /* TodoListExtension */;
			targetProxy = E7F4C2252B6D4028009D649C /* PBXContainerItemProxy */;
		};
/* End PBXTargetDependency section */

/* Begin XCBuildConfiguration section */
		E7F4C1EE2B6D2A0B009D649C /* Debug */ = {
			isa = XCBuildConfiguration;
			buildSettings = {
				ALWAYS_SEARCH_USER_PATHS = NO;
				ASSETCATALOG_COMPILER_GENERATE_SWIFT_ASSET_SYMBOL_EXTENSIONS = YES;
				CLANG_ANALYZER_NONNULL = YES;
				CLANG_ANALYZER_NUMBER_OBJECT_CONVERSION = YES_AGGRESSIVE;
				CLANG_CXX_LANGUAGE_STANDARD = "gnu++20";
				CLANG_ENABLE_MODULES = YES;
				CLANG_ENABLE_OBJC_ARC = YES;
				CLANG_ENABLE_OBJC_WEAK = YES;
				CLANG_WARN_BLOCK_CAPTURE_AUTORELEASING = YES;
				CLANG_WARN_BOOL_CONVERSION = YES;
				CLANG_WARN_COMMA = YES;
				CLANG_WARN_CONSTANT_CONVERSION = YES;
				CLANG_WARN_DEPRECATED_OBJC_IMPLEMENTATIONS = YES;
				CLANG_WARN_DIRECT_OBJC_ISA_USAGE = YES_ERROR;
				CLANG_WARN_DOCUMENTATION_COMMENTS = YES;
				CLANG_WARN_EMPTY_BODY = YES;
				CLANG_WARN_ENUM_CONVERSION = YES;
				CLANG_WARN_INFINITE_RECURSION = YES;
				CLANG_WARN_INT_CONVERSION = YES;
				CLANG_WARN_NON_LITERAL_NULL_CONVERSION = YES;
				CLANG_WARN_OBJC_IMPLICIT_RETAIN_SELF = YES;
				CLANG_WARN_OBJC_LITERAL_CONVERSION = YES;
				CLANG_WARN_OBJC_ROOT_CLASS = YES_ERROR;
				CLANG_WARN_QUOTED_INCLUDE_IN_FRAMEWORK_HEADER = YES;
				CLANG_WARN_RANGE_LOOP_ANALYSIS = YES;
				CLANG_WARN_STRICT_PROTOTYPES = YES;
				CLANG_WARN_SUSPICIOUS_MOVE = YES;
				CLANG_WARN_UNGUARDED_AVAILABILITY = YES_AGGRESSIVE;
				CLANG_WARN_UNREACHABLE_CODE = YES;
				CLANG_WARN__DUPLICATE_METHOD_MATCH = YES;
				COPY_PHASE_STRIP = NO;
				DEBUG_INFORMATION_FORMAT = dwarf;
				ENABLE_STRICT_OBJC_MSGSEND = YES;
				ENABLE_TESTABILITY = YES;
				ENABLE_USER_SCRIPT_SANDBOXING = YES;
				GCC_C_LANGUAGE_STANDARD = gnu17;
				GCC_DYNAMIC_NO_PIC = NO;
				GCC_NO_COMMON_BLOCKS = YES;
				GCC_OPTIMIZATION_LEVEL = 0;
				GCC_PREPROCESSOR_DEFINITIONS = (
					"DEBUG=1",
					"$(inherited)",
				);
				GCC_WARN_64_TO_32_BIT_CONVERSION = YES;
				GCC_WARN_ABOUT_RETURN_TYPE = YES_ERROR;
				GCC_WARN_UNDECLARED_SELECTOR = YES;
				GCC_WARN_UNINITIALIZED_AUTOS = YES_AGGRESSIVE;
				GCC_WARN_UNUSED_FUNCTION = YES;
				GCC_WARN_UNUSED_VARIABLE = YES;
				IPHONEOS_DEPLOYMENT_TARGET = 17.2;
				LOCALIZATION_PREFERS_STRING_CATALOGS = YES;
				MTL_ENABLE_DEBUG_INFO = INCLUDE_SOURCE;
				MTL_FAST_MATH = YES;
				ONLY_ACTIVE_ARCH = YES;
				SDKROOT = iphoneos;
				SWIFT_ACTIVE_COMPILATION_CONDITIONS = "DEBUG $(inherited)";
				SWIFT_OPTIMIZATION_LEVEL = "-Onone";
			};
			name = Debug;
		};
		E7F4C1EF2B6D2A0B009D649C /* Release */ = {
			isa = XCBuildConfiguration;
			buildSettings = {
				ALWAYS_SEARCH_USER_PATHS = NO;
				ASSETCATALOG_COMPILER_GENERATE_SWIFT_ASSET_SYMBOL_EXTENSIONS = YES;
				CLANG_ANALYZER_NONNULL = YES;
				CLANG_ANALYZER_NUMBER_OBJECT_CONVERSION = YES_AGGRESSIVE;
				CLANG_CXX_LANGUAGE_STANDARD = "gnu++20";
				CLANG_ENABLE_MODULES = YES;
				CLANG_ENABLE_OBJC_ARC = YES;
				CLANG_ENABLE_OBJC_WEAK = YES;
				CLANG_WARN_BLOCK_CAPTURE_AUTORELEASING = YES;
				CLANG_WARN_BOOL_CONVERSION = YES;
				CLANG_WARN_COMMA = YES;
				CLANG_WARN_CONSTANT_CONVERSION = YES;
				CLANG_WARN_DEPRECATED_OBJC_IMPLEMENTATIONS = YES;
				CLANG_WARN_DIRECT_OBJC_ISA_USAGE = YES_ERROR;
				CLANG_WARN_DOCUMENTATION_COMMENTS = YES;
				CLANG_WARN_EMPTY_BODY = YES;
				CLANG_WARN_ENUM_CONVERSION = YES;
				CLANG_WARN_INFINITE_RECURSION = YES;
				CLANG_WARN_INT_CONVERSION = YES;
				CLANG_WARN_NON_LITERAL_NULL_CONVERSION = YES;
				CLANG_WARN_OBJC_IMPLICIT_RETAIN_SELF = YES;
				CLANG_WARN_OBJC_LITERAL_CONVERSION = YES;
				CLANG_WARN_OBJC_ROOT_CLASS = YES_ERROR;
				CLANG_WARN_QUOTED_INCLUDE_IN_FRAMEWORK_HEADER = YES;
				CLANG_WARN_RANGE_LOOP_ANALYSIS = YES;
				CLANG_WARN_STRICT_PROTOTYPES = YES;
				CLANG_WARN_SUSPICIOUS_MOVE = YES;
				CLANG_WARN_UNGUARDED_AVAILABILITY = YES_AGGRESSIVE;
				CLANG_WARN_UNREACHABLE_CODE = YES;
				CLANG_WARN__DUPLICATE_METHOD_MATCH = YES;
				COPY_PHASE_STRIP = NO;
				DEBUG_INFORMATION_FORMAT = "dwarf-with-dsym";
				ENABLE_NS_ASSERTIONS = NO;
				ENABLE_STRICT_OBJC_MSGSEND = YES;
				ENABLE_USER_SCRIPT_SANDBOXING = YES;
				GCC_C_LANGUAGE_STANDARD = gnu17;
				GCC_NO_COMMON_BLOCKS = YES;
				GCC_WARN_64_TO_32_BIT_CONVERSION = YES;
				GCC_WARN_ABOUT_RETURN_TYPE = YES_ERROR;
				GCC_WARN_UNDECLARED_SELECTOR = YES;
				GCC_WARN_UNINITIALIZED_AUTOS = YES_AGGRESSIVE;
				GCC_WARN_UNUSED_FUNCTION = YES;
				GCC_WARN_UNUSED_VARIABLE = YES;
				IPHONEOS_DEPLOYMENT_TARGET = 17.2;
				LOCALIZATION_PREFERS_STRING_CATALOGS = YES;
				MTL_ENABLE_DEBUG_INFO = NO;
				MTL_FAST_MATH = YES;
				SDKROOT = iphoneos;
				SWIFT_COMPILATION_MODE = wholemodule;
				VALIDATE_PRODUCT = YES;
			};
			name = Release;
		};
		E7F4C1F12B6D2A0B009D649C /* Debug */ = {
			isa = XCBuildConfiguration;
			buildSettings = {
				ALWAYS_EMBED_SWIFT_STANDARD_LIBRARIES = YES;
				ASSETCATALOG_COMPILER_APPICON_NAME = AppIcon;
				ASSETCATALOG_COMPILER_GLOBAL_ACCENT_COLOR_NAME = AccentColor;
				CODE_SIGN_ENTITLEMENTS = MinimalTodo/MinimalTodo.entitlements;
				CODE_SIGN_STYLE = Automatic;
				CURRENT_PROJECT_VERSION = 1;
				DEVELOPMENT_ASSET_PATHS = "\"MinimalTodo/Preview Content\"";
				DEVELOPMENT_TEAM = NN56R38BZT;
				ENABLE_PREVIEWS = YES;
				GENERATE_INFOPLIST_FILE = YES;
				INFOPLIST_KEY_UIApplicationSceneManifest_Generation = YES;
				INFOPLIST_KEY_UIApplicationSupportsIndirectInputEvents = YES;
				INFOPLIST_KEY_UILaunchScreen_Generation = YES;
				INFOPLIST_KEY_UISupportedInterfaceOrientations_iPad = "UIInterfaceOrientationPortrait UIInterfaceOrientationPortraitUpsideDown UIInterfaceOrientationLandscapeLeft UIInterfaceOrientationLandscapeRight";
				INFOPLIST_KEY_UISupportedInterfaceOrientations_iPhone = "UIInterfaceOrientationPortrait UIInterfaceOrientationLandscapeLeft UIInterfaceOrientationLandscapeRight";
				LD_RUNPATH_SEARCH_PATHS = (
					"$(inherited)",
					"@executable_path/Frameworks",
				);
				MARKETING_VERSION = 1.0;
				PRODUCT_BUNDLE_IDENTIFIER = con.lurich.MinimalTodo;
				PRODUCT_NAME = "$(TARGET_NAME)";
				SWIFT_EMIT_LOC_STRINGS = YES;
				SWIFT_VERSION = 5.0;
				TARGETED_DEVICE_FAMILY = "1,2";
			};
			name = Debug;
		};
		E7F4C1F22B6D2A0B009D649C /* Release */ = {
			isa = XCBuildConfiguration;
			buildSettings = {
				ALWAYS_EMBED_SWIFT_STANDARD_LIBRARIES = YES;
				ASSETCATALOG_COMPILER_APPICON_NAME = AppIcon;
				ASSETCATALOG_COMPILER_GLOBAL_ACCENT_COLOR_NAME = AccentColor;
				CODE_SIGN_ENTITLEMENTS = MinimalTodo/MinimalTodo.entitlements;
				CODE_SIGN_STYLE = Automatic;
				CURRENT_PROJECT_VERSION = 1;
				DEVELOPMENT_ASSET_PATHS = "\"MinimalTodo/Preview Content\"";
				DEVELOPMENT_TEAM = NN56R38BZT;
				ENABLE_PREVIEWS = YES;
				GENERATE_INFOPLIST_FILE = YES;
				INFOPLIST_KEY_UIApplicationSceneManifest_Generation = YES;
				INFOPLIST_KEY_UIApplicationSupportsIndirectInputEvents = YES;
				INFOPLIST_KEY_UILaunchScreen_Generation = YES;
				INFOPLIST_KEY_UISupportedInterfaceOrientations_iPad = "UIInterfaceOrientationPortrait UIInterfaceOrientationPortraitUpsideDown UIInterfaceOrientationLandscapeLeft UIInterfaceOrientationLandscapeRight";
				INFOPLIST_KEY_UISupportedInterfaceOrientations_iPhone = "UIInterfaceOrientationPortrait UIInterfaceOrientationLandscapeLeft UIInterfaceOrientationLandscapeRight";
				LD_RUNPATH_SEARCH_PATHS = (
					"$(inherited)",
					"@executable_path/Frameworks",
				);
				MARKETING_VERSION = 1.0;
				PRODUCT_BUNDLE_IDENTIFIER = con.lurich.MinimalTodo;
				PRODUCT_NAME = "$(TARGET_NAME)";
				SWIFT_EMIT_LOC_STRINGS = YES;
				SWIFT_VERSION = 5.0;
				TARGETED_DEVICE_FAMILY = "1,2";
			};
			name = Release;
		};
		E7F4C2292B6D4028009D649C /* Debug */ = {
			isa = XCBuildConfiguration;
			buildSettings = {
				ASSETCATALOG_COMPILER_GLOBAL_ACCENT_COLOR_NAME = AccentColor;
				ASSETCATALOG_COMPILER_WIDGET_BACKGROUND_COLOR_NAME = WidgetBackground;
				CODE_SIGN_ENTITLEMENTS = TodoListExtension.entitlements;
				CODE_SIGN_STYLE = Automatic;
				CURRENT_PROJECT_VERSION = 1;
				DEVELOPMENT_TEAM = NN56R38BZT;
				GENERATE_INFOPLIST_FILE = YES;
				INFOPLIST_FILE = TodoList/Info.plist;
				INFOPLIST_KEY_CFBundleDisplayName = TodoList;
				INFOPLIST_KEY_NSHumanReadableCopyright = "";
				LD_RUNPATH_SEARCH_PATHS = (
					"$(inherited)",
					"@executable_path/Frameworks",
					"@executable_path/../../Frameworks",
				);
				MARKETING_VERSION = 1.0;
				PRODUCT_BUNDLE_IDENTIFIER = con.lurich.MinimalTodo.TodoList;
				PRODUCT_NAME = "$(TARGET_NAME)";
				SKIP_INSTALL = YES;
				SWIFT_EMIT_LOC_STRINGS = YES;
				SWIFT_VERSION = 5.0;
				TARGETED_DEVICE_FAMILY = "1,2";
			};
			name = Debug;
		};
		E7F4C22A2B6D4028009D649C /* Release */ = {
			isa = XCBuildConfiguration;
			buildSettings = {
				ASSETCATALOG_COMPILER_GLOBAL_ACCENT_COLOR_NAME = AccentColor;
				ASSETCATALOG_COMPILER_WIDGET_BACKGROUND_COLOR_NAME = WidgetBackground;
				CODE_SIGN_ENTITLEMENTS = TodoListExtension.entitlements;
				CODE_SIGN_STYLE = Automatic;
				CURRENT_PROJECT_VERSION = 1;
				DEVELOPMENT_TEAM = NN56R38BZT;
				GENERATE_INFOPLIST_FILE = YES;
				INFOPLIST_FILE = TodoList/Info.plist;
				INFOPLIST_KEY_CFBundleDisplayName = TodoList;
				INFOPLIST_KEY_NSHumanReadableCopyright = "";
				LD_RUNPATH_SEARCH_PATHS = (
					"$(inherited)",
					"@executable_path/Frameworks",
					"@executable_path/../../Frameworks",
				);
				MARKETING_VERSION = 1.0;
				PRODUCT_BUNDLE_IDENTIFIER = con.lurich.MinimalTodo.TodoList;
				PRODUCT_NAME = "$(TARGET_NAME)";
				SKIP_INSTALL = YES;
				SWIFT_EMIT_LOC_STRINGS = YES;
				SWIFT_VERSION = 5.0;
				TARGETED_DEVICE_FAMILY = "1,2";
			};
			name = Release;
		};
/* End XCBuildConfiguration section */

/* Begin XCConfigurationList section */
		E7F4C1DD2B6D2A07009D649C /* Build configuration list for PBXProject "MinimalTodo" */ = {
			isa = XCConfigurationList;
			buildConfigurations = (
				E7F4C1EE2B6D2A0B009D649C /* Debug */,
				E7F4C1EF2B6D2A0B009D649C /* Release */,
			);
			defaultConfigurationIsVisible = 0;
			defaultConfigurationName = Release;
		};
		E7F4C1F02B6D2A0B009D649C /* Build configuration list for PBXNativeTarget "MinimalTodo" */ = {
			isa = XCConfigurationList;
			buildConfigurations = (
				E7F4C1F12B6D2A0B009D649C /* Debug */,
				E7F4C1F22B6D2A0B009D649C /* Release */,
			);
			defaultConfigurationIsVisible = 0;
			defaultConfigurationName = Release;
		};
		E7F4C2282B6D4028009D649C /* Build configuration list for PBXNativeTarget "TodoListExtension" */ = {
			isa = XCConfigurationList;
			buildConfigurations = (
				E7F4C2292B6D4028009D649C /* Debug */,
				E7F4C22A2B6D4028009D649C /* Release */,
			);
			defaultConfigurationIsVisible = 0;
			defaultConfigurationName = Release;
		};
/* End XCConfigurationList section */
	};
	rootObject = E7F4C1DA2B6D2A07009D649C /* Project object */;
}
