// !$*UTF8*$!
{
	archiveVersion = 1;
	classes = {
	};
	objectVersion = 60;
	objects = {

/* Begin PBXBuildFile section */
		E773EEA42C57CE8C0026F7B0 /* Walkthrough_MorphingApp.swift in Sources */ = {isa = PBXBuildFile; fileRef = E773EEA32C57CE8C0026F7B0 /* Walkthrough_MorphingApp.swift */; };
		E773EEA62C57CE8C0026F7B0 /* ContentView.swift in Sources */ = {isa = PBXBuildFile; fileRef = E773EEA52C57CE8C0026F7B0 /* ContentView.swift */; };
		E773EEA82C57CE8E0026F7B0 /* Assets.xcassets in Resources */ = {isa = PBXBuildFile; fileRef = E773EEA72C57CE8E0026F7B0 /* Assets.xcassets */; };
		E773EEAB2C57CE8E0026F7B0 /* Preview Assets.xcassets in Resources */ = {isa = PBXBuildFile; fileRef = E773EEAA2C57CE8E0026F7B0 /* Preview Assets.xcassets */; };
		E773EEB22C57CE940026F7B0 /* Page.swift in Sources */ = {isa = PBXBuildFile; fileRef = E773EEB12C57CE940026F7B0 /* Page.swift */; };
		E773EEB42C57D0C90026F7B0 /* IntroView.swift in Sources */ = {isa = PBXBuildFile; fileRef = E773EEB32C57D0C90026F7B0 /* IntroView.swift */; };
		E773EEB62C57D1B50026F7B0 /* MorphingSymbolView.swift in Sources */ = {isa = PBXBuildFile; fileRef = E773EEB52C57D1B50026F7B0 /* MorphingSymbolView.swift */; };
/* End PBXBuildFile section */

/* Begin PBXFileReference section */
		E773EEA02C57CE8C0026F7B0 /* Walkthrough+Morphing.app */ = {isa = PBXFileReference; explicitFileType = wrapper.application; includeInIndex = 0; path = "Walkthrough+Morphing.app"; sourceTree = BUILT_PRODUCTS_DIR; };
		E773EEA32C57CE8C0026F7B0 /* Walkthrough_MorphingApp.swift */ = {isa = PBXFileReference; lastKnownFileType = sourcecode.swift; path = Walkthrough_MorphingApp.swift; sourceTree = "<group>"; };
		E773EEA52C57CE8C0026F7B0 /* ContentView.swift */ = {isa = PBXFileReference; lastKnownFileType = sourcecode.swift; path = ContentView.swift; sourceTree = "<group>"; };
		E773EEA72C57CE8E0026F7B0 /* Assets.xcassets */ = {isa = PBXFileReference; lastKnownFileType = folder.assetcatalog; path = Assets.xcassets; sourceTree = "<group>"; };
		E773EEAA2C57CE8E0026F7B0 /* Preview Assets.xcassets */ = {isa = PBXFileReference; lastKnownFileType = folder.assetcatalog; path = "Preview Assets.xcassets"; sourceTree = "<group>"; };
		E773EEB12C57CE940026F7B0 /* Page.swift */ = {isa = PBXFileReference; lastKnownFileType = sourcecode.swift; path = Page.swift; sourceTree = "<group>"; };
		E773EEB32C57D0C90026F7B0 /* IntroView.swift */ = {isa = PBXFileReference; lastKnownFileType = sourcecode.swift; path = IntroView.swift; sourceTree = "<group>"; };
		E773EEB52C57D1B50026F7B0 /* MorphingSymbolView.swift */ = {isa = PBXFileReference; lastKnownFileType = sourcecode.swift; path = MorphingSymbolView.swift; sourceTree = "<group>"; };
/* End PBXFileReference section */

/* Begin PBXFrameworksBuildPhase section */
		E773EE9D2C57CE8C0026F7B0 /* Frameworks */ = {
			isa = PBXFrameworksBuildPhase;
			buildActionMask = 2147483647;
			files = (
			);
			runOnlyForDeploymentPostprocessing = 0;
		};
/* End PBXFrameworksBuildPhase section */

/* Begin PBXGroup section */
		E773EE972C57CE8C0026F7B0 = {
			isa = PBXGroup;
			children = (
				E773EEA22C57CE8C0026F7B0 /* Walkthrough+Morphing */,
				E773EEA12C57CE8C0026F7B0 /* Products */,
			);
			sourceTree = "<group>";
		};
		E773EEA12C57CE8C0026F7B0 /* Products */ = {
			isa = PBXGroup;
			children = (
				E773EEA02C57CE8C0026F7B0 /* Walkthrough+Morphing.app */,
			);
			name = Products;
			sourceTree = "<group>";
		};
		E773EEA22C57CE8C0026F7B0 /* Walkthrough+Morphing */ = {
			isa = PBXGroup;
			children = (
				E773EEA32C57CE8C0026F7B0 /* Walkthrough_MorphingApp.swift */,
				E773EEA52C57CE8C0026F7B0 /* ContentView.swift */,
				E773EEB12C57CE940026F7B0 /* Page.swift */,
				E773EEB32C57D0C90026F7B0 /* IntroView.swift */,
				E773EEB52C57D1B50026F7B0 /* MorphingSymbolView.swift */,
				E773EEA72C57CE8E0026F7B0 /* Assets.xcassets */,
				E773EEA92C57CE8E0026F7B0 /* Preview Content */,
			);
			path = "Walkthrough+Morphing";
			sourceTree = "<group>";
		};
		E773EEA92C57CE8E0026F7B0 /* Preview Content */ = {
			isa = PBXGroup;
			children = (
				E773EEAA2C57CE8E0026F7B0 /* Preview Assets.xcassets */,
			);
			path = "Preview Content";
			sourceTree = "<group>";
		};
/* End PBXGroup section */

/* Begin PBXNativeTarget section */
		E773EE9F2C57CE8C0026F7B0 /* Walkthrough+Morphing */ = {
			isa = PBXNativeTarget;
			buildConfigurationList = E773EEAE2C57CE8E0026F7B0 /* Build configuration list for PBXNativeTarget "Walkthrough+Morphing" */;
			buildPhases = (
				E773EE9C2C57CE8C0026F7B0 /* Sources */,
				E773EE9D2C57CE8C0026F7B0 /* Frameworks */,
				E773EE9E2C57CE8C0026F7B0 /* Resources */,
			);
			buildRules = (
			);
			dependencies = (
			);
			name = "Walkthrough+Morphing";
			productName = "Walkthrough+Morphing";
			productReference = E773EEA02C57CE8C0026F7B0 /* Walkthrough+Morphing.app */;
			productType = "com.apple.product-type.application";
		};
/* End PBXNativeTarget section */

/* Begin PBXProject section */
		E773EE982C57CE8C0026F7B0 /* Project object */ = {
			isa = PBXProject;
			attributes = {
				BuildIndependentTargetsInParallel = 1;
				LastSwiftUpdateCheck = 1600;
				LastUpgradeCheck = 1600;
				TargetAttributes = {
					E773EE9F2C57CE8C0026F7B0 = {
						CreatedOnToolsVersion = 16.0;
					};
				};
			};
			buildConfigurationList = E773EE9B2C57CE8C0026F7B0 /* Build configuration list for PBXProject "Walkthrough+Morphing" */;
			compatibilityVersion = "Xcode 15.0";
			developmentRegion = en;
			hasScannedForEncodings = 0;
			knownRegions = (
				en,
				Base,
			);
			mainGroup = E773EE972C57CE8C0026F7B0;
			productRefGroup = E773EEA12C57CE8C0026F7B0 /* Products */;
			projectDirPath = "";
			projectRoot = "";
			targets = (
				E773EE9F2C57CE8C0026F7B0 /* Walkthrough+Morphing */,
			);
		};
/* End PBXProject section */

/* Begin PBXResourcesBuildPhase section */
		E773EE9E2C57CE8C0026F7B0 /* Resources */ = {
			isa = PBXResourcesBuildPhase;
			buildActionMask = 2147483647;
			files = (
				E773EEAB2C57CE8E0026F7B0 /* Preview Assets.xcassets in Resources */,
				E773EEA82C57CE8E0026F7B0 /* Assets.xcassets in Resources */,
			);
			runOnlyForDeploymentPostprocessing = 0;
		};
/* End PBXResourcesBuildPhase section */

/* Begin PBXSourcesBuildPhase section */
		E773EE9C2C57CE8C0026F7B0 /* Sources */ = {
			isa = PBXSourcesBuildPhase;
			buildActionMask = 2147483647;
			files = (
				E773EEA62C57CE8C0026F7B0 /* ContentView.swift in Sources */,
				E773EEB62C57D1B50026F7B0 /* MorphingSymbolView.swift in Sources */,
				E773EEB42C57D0C90026F7B0 /* IntroView.swift in Sources */,
				E773EEA42C57CE8C0026F7B0 /* Walkthrough_MorphingApp.swift in Sources */,
				E773EEB22C57CE940026F7B0 /* Page.swift in Sources */,
			);
			runOnlyForDeploymentPostprocessing = 0;
		};
/* End PBXSourcesBuildPhase section */

/* Begin XCBuildConfiguration section */
		E773EEAC2C57CE8E0026F7B0 /* Debug */ = {
			isa = XCBuildConfiguration;
			buildSettings = {
				ALWAYS_SEARCH_USER_PATHS = NO;
				ASSETCATALOG_COMPILER_GENERATE_SWIFT_ASSET_SYMBOL_EXTENSIONS = YES;
				CLANG_ANALYZER_NONNULL = YES;
				CLANG_ANALYZER_NUMBER_OBJECT_CONVERSION = YES_AGGRESSIVE;
				CLANG_CXX_LANGUAGE_STANDARD = "gnu++20";
				CLANG_ENABLE_MODULES = YES;
				CLANG_ENABLE_OBJC_ARC = YES;
				CLANG_ENABLE_OBJC_WEAK = YES;
				CLANG_WARN_BLOCK_CAPTURE_AUTORELEASING = YES;
				CLANG_WARN_BOOL_CONVERSION = YES;
				CLANG_WARN_COMMA = YES;
				CLANG_WARN_CONSTANT_CONVERSION = YES;
				CLANG_WARN_DEPRECATED_OBJC_IMPLEMENTATIONS = YES;
				CLANG_WARN_DIRECT_OBJC_ISA_USAGE = YES_ERROR;
				CLANG_WARN_DOCUMENTATION_COMMENTS = YES;
				CLANG_WARN_EMPTY_BODY = YES;
				CLANG_WARN_ENUM_CONVERSION = YES;
				CLANG_WARN_INFINITE_RECURSION = YES;
				CLANG_WARN_INT_CONVERSION = YES;
				CLANG_WARN_NON_LITERAL_NULL_CONVERSION = YES;
				CLANG_WARN_OBJC_IMPLICIT_RETAIN_SELF = YES;
				CLANG_WARN_OBJC_LITERAL_CONVERSION = YES;
				CLANG_WARN_OBJC_ROOT_CLASS = YES_ERROR;
				CLANG_WARN_QUOTED_INCLUDE_IN_FRAMEWORK_HEADER = YES;
				CLANG_WARN_RANGE_LOOP_ANALYSIS = YES;
				CLANG_WARN_STRICT_PROTOTYPES = YES;
				CLANG_WARN_SUSPICIOUS_MOVE = YES;
				CLANG_WARN_UNGUARDED_AVAILABILITY = YES_AGGRESSIVE;
				CLANG_WARN_UNREACHABLE_CODE = YES;
				CLANG_WARN__DUPLICATE_METHOD_MATCH = YES;
				COPY_PHASE_STRIP = NO;
				DEBUG_INFORMATION_FORMAT = dwarf;
				ENABLE_STRICT_OBJC_MSGSEND = YES;
				ENABLE_TESTABILITY = YES;
				ENABLE_USER_SCRIPT_SANDBOXING = YES;
				GCC_C_LANGUAGE_STANDARD = gnu17;
				GCC_DYNAMIC_NO_PIC = NO;
				GCC_NO_COMMON_BLOCKS = YES;
				GCC_OPTIMIZATION_LEVEL = 0;
				GCC_PREPROCESSOR_DEFINITIONS = (
					"DEBUG=1",
					"$(inherited)",
				);
				GCC_WARN_64_TO_32_BIT_CONVERSION = YES;
				GCC_WARN_ABOUT_RETURN_TYPE = YES_ERROR;
				GCC_WARN_UNDECLARED_SELECTOR = YES;
				GCC_WARN_UNINITIALIZED_AUTOS = YES_AGGRESSIVE;
				GCC_WARN_UNUSED_FUNCTION = YES;
				GCC_WARN_UNUSED_VARIABLE = YES;
				IPHONEOS_DEPLOYMENT_TARGET = 18.0;
				LOCALIZATION_PREFERS_STRING_CATALOGS = YES;
				MTL_ENABLE_DEBUG_INFO = INCLUDE_SOURCE;
				MTL_FAST_MATH = YES;
				ONLY_ACTIVE_ARCH = YES;
				SDKROOT = iphoneos;
				SWIFT_ACTIVE_COMPILATION_CONDITIONS = "DEBUG $(inherited)";
				SWIFT_OPTIMIZATION_LEVEL = "-Onone";
			};
			name = Debug;
		};
		E773EEAD2C57CE8E0026F7B0 /* Release */ = {
			isa = XCBuildConfiguration;
			buildSettings = {
				ALWAYS_SEARCH_USER_PATHS = NO;
				ASSETCATALOG_COMPILER_GENERATE_SWIFT_ASSET_SYMBOL_EXTENSIONS = YES;
				CLANG_ANALYZER_NONNULL = YES;
				CLANG_ANALYZER_NUMBER_OBJECT_CONVERSION = YES_AGGRESSIVE;
				CLANG_CXX_LANGUAGE_STANDARD = "gnu++20";
				CLANG_ENABLE_MODULES = YES;
				CLANG_ENABLE_OBJC_ARC = YES;
				CLANG_ENABLE_OBJC_WEAK = YES;
				CLANG_WARN_BLOCK_CAPTURE_AUTORELEASING = YES;
				CLANG_WARN_BOOL_CONVERSION = YES;
				CLANG_WARN_COMMA = YES;
				CLANG_WARN_CONSTANT_CONVERSION = YES;
				CLANG_WARN_DEPRECATED_OBJC_IMPLEMENTATIONS = YES;
				CLANG_WARN_DIRECT_OBJC_ISA_USAGE = YES_ERROR;
				CLANG_WARN_DOCUMENTATION_COMMENTS = YES;
				CLANG_WARN_EMPTY_BODY = YES;
				CLANG_WARN_ENUM_CONVERSION = YES;
				CLANG_WARN_INFINITE_RECURSION = YES;
				CLANG_WARN_INT_CONVERSION = YES;
				CLANG_WARN_NON_LITERAL_NULL_CONVERSION = YES;
				CLANG_WARN_OBJC_IMPLICIT_RETAIN_SELF = YES;
				CLANG_WARN_OBJC_LITERAL_CONVERSION = YES;
				CLANG_WARN_OBJC_ROOT_CLASS = YES_ERROR;
				CLANG_WARN_QUOTED_INCLUDE_IN_FRAMEWORK_HEADER = YES;
				CLANG_WARN_RANGE_LOOP_ANALYSIS = YES;
				CLANG_WARN_STRICT_PROTOTYPES = YES;
				CLANG_WARN_SUSPICIOUS_MOVE = YES;
				CLANG_WARN_UNGUARDED_AVAILABILITY = YES_AGGRESSIVE;
				CLANG_WARN_UNREACHABLE_CODE = YES;
				CLANG_WARN__DUPLICATE_METHOD_MATCH = YES;
				COPY_PHASE_STRIP = NO;
				DEBUG_INFORMATION_FORMAT = "dwarf-with-dsym";
				ENABLE_NS_ASSERTIONS = NO;
				ENABLE_STRICT_OBJC_MSGSEND = YES;
				ENABLE_USER_SCRIPT_SANDBOXING = YES;
				GCC_C_LANGUAGE_STANDARD = gnu17;
				GCC_NO_COMMON_BLOCKS = YES;
				GCC_WARN_64_TO_32_BIT_CONVERSION = YES;
				GCC_WARN_ABOUT_RETURN_TYPE = YES_ERROR;
				GCC_WARN_UNDECLARED_SELECTOR = YES;
				GCC_WARN_UNINITIALIZED_AUTOS = YES_AGGRESSIVE;
				GCC_WARN_UNUSED_FUNCTION = YES;
				GCC_WARN_UNUSED_VARIABLE = YES;
				IPHONEOS_DEPLOYMENT_TARGET = 18.0;
				LOCALIZATION_PREFERS_STRING_CATALOGS = YES;
				MTL_ENABLE_DEBUG_INFO = NO;
				MTL_FAST_MATH = YES;
				SDKROOT = iphoneos;
				SWIFT_COMPILATION_MODE = wholemodule;
				VALIDATE_PRODUCT = YES;
			};
			name = Release;
		};
		E773EEAF2C57CE8E0026F7B0 /* Debug */ = {
			isa = XCBuildConfiguration;
			buildSettings = {
				ASSETCATALOG_COMPILER_APPICON_NAME = AppIcon;
				ASSETCATALOG_COMPILER_GLOBAL_ACCENT_COLOR_NAME = AccentColor;
				CODE_SIGN_STYLE = Automatic;
				CURRENT_PROJECT_VERSION = 1;
				DEVELOPMENT_ASSET_PATHS = "\"Walkthrough+Morphing/Preview Content\"";
				DEVELOPMENT_TEAM = NN56R38BZT;
				ENABLE_PREVIEWS = YES;
				GENERATE_INFOPLIST_FILE = YES;
				INFOPLIST_KEY_UIApplicationSceneManifest_Generation = YES;
				INFOPLIST_KEY_UIApplicationSupportsIndirectInputEvents = YES;
				INFOPLIST_KEY_UILaunchScreen_Generation = YES;
				INFOPLIST_KEY_UISupportedInterfaceOrientations_iPad = "UIInterfaceOrientationPortrait UIInterfaceOrientationPortraitUpsideDown UIInterfaceOrientationLandscapeLeft UIInterfaceOrientationLandscapeRight";
				INFOPLIST_KEY_UISupportedInterfaceOrientations_iPhone = "UIInterfaceOrientationPortrait UIInterfaceOrientationLandscapeLeft UIInterfaceOrientationLandscapeRight";
				LD_RUNPATH_SEARCH_PATHS = (
					"$(inherited)",
					"@executable_path/Frameworks",
				);
				MARKETING_VERSION = 1.0;
				PRODUCT_BUNDLE_IDENTIFIER = "con.lurich.Walkthrough-Morphing";
				PRODUCT_NAME = "$(TARGET_NAME)";
				SWIFT_EMIT_LOC_STRINGS = YES;
				SWIFT_VERSION = 5.0;
				TARGETED_DEVICE_FAMILY = "1,2";
			};
			name = Debug;
		};
		E773EEB02C57CE8E0026F7B0 /* Release */ = {
			isa = XCBuildConfiguration;
			buildSettings = {
				ASSETCATALOG_COMPILER_APPICON_NAME = AppIcon;
				ASSETCATALOG_COMPILER_GLOBAL_ACCENT_COLOR_NAME = AccentColor;
				CODE_SIGN_STYLE = Automatic;
				CURRENT_PROJECT_VERSION = 1;
				DEVELOPMENT_ASSET_PATHS = "\"Walkthrough+Morphing/Preview Content\"";
				DEVELOPMENT_TEAM = NN56R38BZT;
				ENABLE_PREVIEWS = YES;
				GENERATE_INFOPLIST_FILE = YES;
				INFOPLIST_KEY_UIApplicationSceneManifest_Generation = YES;
				INFOPLIST_KEY_UIApplicationSupportsIndirectInputEvents = YES;
				INFOPLIST_KEY_UILaunchScreen_Generation = YES;
				INFOPLIST_KEY_UISupportedInterfaceOrientations_iPad = "UIInterfaceOrientationPortrait UIInterfaceOrientationPortraitUpsideDown UIInterfaceOrientationLandscapeLeft UIInterfaceOrientationLandscapeRight";
				INFOPLIST_KEY_UISupportedInterfaceOrientations_iPhone = "UIInterfaceOrientationPortrait UIInterfaceOrientationLandscapeLeft UIInterfaceOrientationLandscapeRight";
				LD_RUNPATH_SEARCH_PATHS = (
					"$(inherited)",
					"@executable_path/Frameworks",
				);
				MARKETING_VERSION = 1.0;
				PRODUCT_BUNDLE_IDENTIFIER = "con.lurich.Walkthrough-Morphing";
				PRODUCT_NAME = "$(TARGET_NAME)";
				SWIFT_EMIT_LOC_STRINGS = YES;
				SWIFT_VERSION = 5.0;
				TARGETED_DEVICE_FAMILY = "1,2";
			};
			name = Release;
		};
/* End XCBuildConfiguration section */

/* Begin XCConfigurationList section */
		E773EE9B2C57CE8C0026F7B0 /* Build configuration list for PBXProject "Walkthrough+Morphing" */ = {
			isa = XCConfigurationList;
			buildConfigurations = (
				E773EEAC2C57CE8E0026F7B0 /* Debug */,
				E773EEAD2C57CE8E0026F7B0 /* Release */,
			);
			defaultConfigurationIsVisible = 0;
			defaultConfigurationName = Release;
		};
		E773EEAE2C57CE8E0026F7B0 /* Build configuration list for PBXNativeTarget "Walkthrough+Morphing" */ = {
			isa = XCConfigurationList;
			buildConfigurations = (
				E773EEAF2C57CE8E0026F7B0 /* Debug */,
				E773EEB02C57CE8E0026F7B0 /* Release */,
			);
			defaultConfigurationIsVisible = 0;
			defaultConfigurationName = Release;
		};
/* End XCConfigurationList section */
	};
	rootObject = E773EE982C57CE8C0026F7B0 /* Project object */;
}
