{
  "originHash" : "4afe3317e0d15d2489436da7b7a4d73a0275f042e903c27b0a4897e00b1c9084",
  "pins" : [
    {
      "identity" : "sdwebimage",
      "kind" : "remoteSourceControl",
      "location" : "https://github.com/SDWebImage/SDWebImage.git",
      "state" : {
        "revision" : "73b9397cfbd902f606572964055464903b1d84c6",
        "version" : "5.19.0"
      }
    },
    {
      "identity" : "sdwebimageswiftui",
      "kind" : "remoteSourceControl",
      "location" : "https://github.com/SDWebImage/SDWebImageSwiftUI.git",
      "state" : {
        "revision" : "3333a1200c702fa8aad0227018ac6d4c2e927b67",
        "version" : "3.0.1"
      }
    }
  ],
  "version" : 3
}
