// !$*UTF8*$!
{
	archiveVersion = 1;
	classes = {
	};
	objectVersion = 56;
	objects = {

/* Begin PBXBuildFile section */
		E74B54512B03A4A300EB1AF0 /* ReelsLayoutApp.swift in Sources */ = {isa = PBXBuildFile; fileRef = E74B54502B03A4A300EB1AF0 /* ReelsLayoutApp.swift */; };
		E74B54532B03A4A300EB1AF0 /* ContentView.swift in Sources */ = {isa = PBXBuildFile; fileRef = E74B54522B03A4A300EB1AF0 /* ContentView.swift */; };
		E74B54552B03A4A500EB1AF0 /* Assets.xcassets in Resources */ = {isa = PBXBuildFile; fileRef = E74B54542B03A4A500EB1AF0 /* Assets.xcassets */; };
		E74B54582B03A4A500EB1AF0 /* Preview Assets.xcassets in Resources */ = {isa = PBXBuildFile; fileRef = E74B54572B03A4A500EB1AF0 /* Preview Assets.xcassets */; };
		E74B54612B03A67200EB1AF0 /* Reel1.MP4 in Resources */ = {isa = PBXBuildFile; fileRef = E74B545E2B03A67200EB1AF0 /* Reel1.MP4 */; };
		E74B54622B03A67200EB1AF0 /* Reel3.MP4 in Resources */ = {isa = PBXBuildFile; fileRef = E74B545F2B03A67200EB1AF0 /* Reel3.MP4 */; };
		E74B54632B03A67200EB1AF0 /* Reel2.MP4 in Resources */ = {isa = PBXBuildFile; fileRef = E74B54602B03A67200EB1AF0 /* Reel2.MP4 */; };
		E74B54652B03A98600EB1AF0 /* Home.swift in Sources */ = {isa = PBXBuildFile; fileRef = E74B54642B03A98600EB1AF0 /* Home.swift */; };
		E74B54672B03A99100EB1AF0 /* Reel.swift in Sources */ = {isa = PBXBuildFile; fileRef = E74B54662B03A99100EB1AF0 /* Reel.swift */; };
		E74B54692B03AA2200EB1AF0 /* Like.swift in Sources */ = {isa = PBXBuildFile; fileRef = E74B54682B03AA2200EB1AF0 /* Like.swift */; };
		E74B546B2B03ABE200EB1AF0 /* ReelView.swift in Sources */ = {isa = PBXBuildFile; fileRef = E74B546A2B03ABE200EB1AF0 /* ReelView.swift */; };
		E74B54702B03ADC800EB1AF0 /* CustomVideoView.swift in Sources */ = {isa = PBXBuildFile; fileRef = E74B546F2B03ADC800EB1AF0 /* CustomVideoView.swift */; };
		E74B54732B03BA1700EB1AF0 /* OffsetKey.swift in Sources */ = {isa = PBXBuildFile; fileRef = E74B54722B03BA1700EB1AF0 /* OffsetKey.swift */; };
/* End PBXBuildFile section */

/* Begin PBXFileReference section */
		E74B544D2B03A4A300EB1AF0 /* ReelsLayout.app */ = {isa = PBXFileReference; explicitFileType = wrapper.application; includeInIndex = 0; path = ReelsLayout.app; sourceTree = BUILT_PRODUCTS_DIR; };
		E74B54502B03A4A300EB1AF0 /* ReelsLayoutApp.swift */ = {isa = PBXFileReference; lastKnownFileType = sourcecode.swift; path = ReelsLayoutApp.swift; sourceTree = "<group>"; };
		E74B54522B03A4A300EB1AF0 /* ContentView.swift */ = {isa = PBXFileReference; lastKnownFileType = sourcecode.swift; path = ContentView.swift; sourceTree = "<group>"; };
		E74B54542B03A4A500EB1AF0 /* Assets.xcassets */ = {isa = PBXFileReference; lastKnownFileType = folder.assetcatalog; path = Assets.xcassets; sourceTree = "<group>"; };
		E74B54572B03A4A500EB1AF0 /* Preview Assets.xcassets */ = {isa = PBXFileReference; lastKnownFileType = folder.assetcatalog; path = "Preview Assets.xcassets"; sourceTree = "<group>"; };
		E74B545E2B03A67200EB1AF0 /* Reel1.MP4 */ = {isa = PBXFileReference; lastKnownFileType = file; path = Reel1.MP4; sourceTree = "<group>"; };
		E74B545F2B03A67200EB1AF0 /* Reel3.MP4 */ = {isa = PBXFileReference; lastKnownFileType = file; path = Reel3.MP4; sourceTree = "<group>"; };
		E74B54602B03A67200EB1AF0 /* Reel2.MP4 */ = {isa = PBXFileReference; lastKnownFileType = file; path = Reel2.MP4; sourceTree = "<group>"; };
		E74B54642B03A98600EB1AF0 /* Home.swift */ = {isa = PBXFileReference; lastKnownFileType = sourcecode.swift; path = Home.swift; sourceTree = "<group>"; };
		E74B54662B03A99100EB1AF0 /* Reel.swift */ = {isa = PBXFileReference; lastKnownFileType = sourcecode.swift; path = Reel.swift; sourceTree = "<group>"; };
		E74B54682B03AA2200EB1AF0 /* Like.swift */ = {isa = PBXFileReference; lastKnownFileType = sourcecode.swift; path = Like.swift; sourceTree = "<group>"; };
		E74B546A2B03ABE200EB1AF0 /* ReelView.swift */ = {isa = PBXFileReference; lastKnownFileType = sourcecode.swift; path = ReelView.swift; sourceTree = "<group>"; };
		E74B546F2B03ADC800EB1AF0 /* CustomVideoView.swift */ = {isa = PBXFileReference; lastKnownFileType = sourcecode.swift; path = CustomVideoView.swift; sourceTree = "<group>"; };
		E74B54722B03BA1700EB1AF0 /* OffsetKey.swift */ = {isa = PBXFileReference; lastKnownFileType = sourcecode.swift; path = OffsetKey.swift; sourceTree = "<group>"; };
/* End PBXFileReference section */

/* Begin PBXFrameworksBuildPhase section */
		E74B544A2B03A4A300EB1AF0 /* Frameworks */ = {
			isa = PBXFrameworksBuildPhase;
			buildActionMask = 2147483647;
			files = (
			);
			runOnlyForDeploymentPostprocessing = 0;
		};
/* End PBXFrameworksBuildPhase section */

/* Begin PBXGroup section */
		E74B54442B03A4A300EB1AF0 = {
			isa = PBXGroup;
			children = (
				E74B544F2B03A4A300EB1AF0 /* ReelsLayout */,
				E74B544E2B03A4A300EB1AF0 /* Products */,
			);
			sourceTree = "<group>";
		};
		E74B544E2B03A4A300EB1AF0 /* Products */ = {
			isa = PBXGroup;
			children = (
				E74B544D2B03A4A300EB1AF0 /* ReelsLayout.app */,
			);
			name = Products;
			sourceTree = "<group>";
		};
		E74B544F2B03A4A300EB1AF0 /* ReelsLayout */ = {
			isa = PBXGroup;
			children = (
				E74B54712B03BA0D00EB1AF0 /* Keys */,
				E74B546E2B03AD9A00EB1AF0 /* Rouces */,
				E74B546D2B03AD8F00EB1AF0 /* View */,
				E74B546C2B03AD8700EB1AF0 /* Model */,
				E74B54502B03A4A300EB1AF0 /* ReelsLayoutApp.swift */,
				E74B54522B03A4A300EB1AF0 /* ContentView.swift */,
				E74B54542B03A4A500EB1AF0 /* Assets.xcassets */,
				E74B54562B03A4A500EB1AF0 /* Preview Content */,
			);
			path = ReelsLayout;
			sourceTree = "<group>";
		};
		E74B54562B03A4A500EB1AF0 /* Preview Content */ = {
			isa = PBXGroup;
			children = (
				E74B54572B03A4A500EB1AF0 /* Preview Assets.xcassets */,
			);
			path = "Preview Content";
			sourceTree = "<group>";
		};
		E74B546C2B03AD8700EB1AF0 /* Model */ = {
			isa = PBXGroup;
			children = (
				E74B54662B03A99100EB1AF0 /* Reel.swift */,
				E74B54682B03AA2200EB1AF0 /* Like.swift */,
			);
			path = Model;
			sourceTree = "<group>";
		};
		E74B546D2B03AD8F00EB1AF0 /* View */ = {
			isa = PBXGroup;
			children = (
				E74B54642B03A98600EB1AF0 /* Home.swift */,
				E74B546A2B03ABE200EB1AF0 /* ReelView.swift */,
				E74B546F2B03ADC800EB1AF0 /* CustomVideoView.swift */,
			);
			path = View;
			sourceTree = "<group>";
		};
		E74B546E2B03AD9A00EB1AF0 /* Rouces */ = {
			isa = PBXGroup;
			children = (
				E74B545E2B03A67200EB1AF0 /* Reel1.MP4 */,
				E74B54602B03A67200EB1AF0 /* Reel2.MP4 */,
				E74B545F2B03A67200EB1AF0 /* Reel3.MP4 */,
			);
			path = Rouces;
			sourceTree = "<group>";
		};
		E74B54712B03BA0D00EB1AF0 /* Keys */ = {
			isa = PBXGroup;
			children = (
				E74B54722B03BA1700EB1AF0 /* OffsetKey.swift */,
			);
			path = Keys;
			sourceTree = "<group>";
		};
/* End PBXGroup section */

/* Begin PBXNativeTarget section */
		E74B544C2B03A4A300EB1AF0 /* ReelsLayout */ = {
			isa = PBXNativeTarget;
			buildConfigurationList = E74B545B2B03A4A500EB1AF0 /* Build configuration list for PBXNativeTarget "ReelsLayout" */;
			buildPhases = (
				E74B54492B03A4A300EB1AF0 /* Sources */,
				E74B544A2B03A4A300EB1AF0 /* Frameworks */,
				E74B544B2B03A4A300EB1AF0 /* Resources */,
			);
			buildRules = (
			);
			dependencies = (
			);
			name = ReelsLayout;
			productName = ReelsLayout;
			productReference = E74B544D2B03A4A300EB1AF0 /* ReelsLayout.app */;
			productType = "com.apple.product-type.application";
		};
/* End PBXNativeTarget section */

/* Begin PBXProject section */
		E74B54452B03A4A300EB1AF0 /* Project object */ = {
			isa = PBXProject;
			attributes = {
				BuildIndependentTargetsInParallel = 1;
				LastSwiftUpdateCheck = 1500;
				LastUpgradeCheck = 1500;
				TargetAttributes = {
					E74B544C2B03A4A300EB1AF0 = {
						CreatedOnToolsVersion = 15.0.1;
					};
				};
			};
			buildConfigurationList = E74B54482B03A4A300EB1AF0 /* Build configuration list for PBXProject "ReelsLayout" */;
			compatibilityVersion = "Xcode 14.0";
			developmentRegion = en;
			hasScannedForEncodings = 0;
			knownRegions = (
				en,
				Base,
			);
			mainGroup = E74B54442B03A4A300EB1AF0;
			productRefGroup = E74B544E2B03A4A300EB1AF0 /* Products */;
			projectDirPath = "";
			projectRoot = "";
			targets = (
				E74B544C2B03A4A300EB1AF0 /* ReelsLayout */,
			);
		};
/* End PBXProject section */

/* Begin PBXResourcesBuildPhase section */
		E74B544B2B03A4A300EB1AF0 /* Resources */ = {
			isa = PBXResourcesBuildPhase;
			buildActionMask = 2147483647;
			files = (
				E74B54582B03A4A500EB1AF0 /* Preview Assets.xcassets in Resources */,
				E74B54552B03A4A500EB1AF0 /* Assets.xcassets in Resources */,
				E74B54632B03A67200EB1AF0 /* Reel2.MP4 in Resources */,
				E74B54612B03A67200EB1AF0 /* Reel1.MP4 in Resources */,
				E74B54622B03A67200EB1AF0 /* Reel3.MP4 in Resources */,
			);
			runOnlyForDeploymentPostprocessing = 0;
		};
/* End PBXResourcesBuildPhase section */

/* Begin PBXSourcesBuildPhase section */
		E74B54492B03A4A300EB1AF0 /* Sources */ = {
			isa = PBXSourcesBuildPhase;
			buildActionMask = 2147483647;
			files = (
				E74B54702B03ADC800EB1AF0 /* CustomVideoView.swift in Sources */,
				E74B546B2B03ABE200EB1AF0 /* ReelView.swift in Sources */,
				E74B54732B03BA1700EB1AF0 /* OffsetKey.swift in Sources */,
				E74B54532B03A4A300EB1AF0 /* ContentView.swift in Sources */,
				E74B54672B03A99100EB1AF0 /* Reel.swift in Sources */,
				E74B54652B03A98600EB1AF0 /* Home.swift in Sources */,
				E74B54512B03A4A300EB1AF0 /* ReelsLayoutApp.swift in Sources */,
				E74B54692B03AA2200EB1AF0 /* Like.swift in Sources */,
			);
			runOnlyForDeploymentPostprocessing = 0;
		};
/* End PBXSourcesBuildPhase section */

/* Begin XCBuildConfiguration section */
		E74B54592B03A4A500EB1AF0 /* Debug */ = {
			isa = XCBuildConfiguration;
			buildSettings = {
				ALWAYS_SEARCH_USER_PATHS = NO;
				ASSETCATALOG_COMPILER_GENERATE_SWIFT_ASSET_SYMBOL_EXTENSIONS = YES;
				CLANG_ANALYZER_NONNULL = YES;
				CLANG_ANALYZER_NUMBER_OBJECT_CONVERSION = YES_AGGRESSIVE;
				CLANG_CXX_LANGUAGE_STANDARD = "gnu++20";
				CLANG_ENABLE_MODULES = YES;
				CLANG_ENABLE_OBJC_ARC = YES;
				CLANG_ENABLE_OBJC_WEAK = YES;
				CLANG_WARN_BLOCK_CAPTURE_AUTORELEASING = YES;
				CLANG_WARN_BOOL_CONVERSION = YES;
				CLANG_WARN_COMMA = YES;
				CLANG_WARN_CONSTANT_CONVERSION = YES;
				CLANG_WARN_DEPRECATED_OBJC_IMPLEMENTATIONS = YES;
				CLANG_WARN_DIRECT_OBJC_ISA_USAGE = YES_ERROR;
				CLANG_WARN_DOCUMENTATION_COMMENTS = YES;
				CLANG_WARN_EMPTY_BODY = YES;
				CLANG_WARN_ENUM_CONVERSION = YES;
				CLANG_WARN_INFINITE_RECURSION = YES;
				CLANG_WARN_INT_CONVERSION = YES;
				CLANG_WARN_NON_LITERAL_NULL_CONVERSION = YES;
				CLANG_WARN_OBJC_IMPLICIT_RETAIN_SELF = YES;
				CLANG_WARN_OBJC_LITERAL_CONVERSION = YES;
				CLANG_WARN_OBJC_ROOT_CLASS = YES_ERROR;
				CLANG_WARN_QUOTED_INCLUDE_IN_FRAMEWORK_HEADER = YES;
				CLANG_WARN_RANGE_LOOP_ANALYSIS = YES;
				CLANG_WARN_STRICT_PROTOTYPES = YES;
				CLANG_WARN_SUSPICIOUS_MOVE = YES;
				CLANG_WARN_UNGUARDED_AVAILABILITY = YES_AGGRESSIVE;
				CLANG_WARN_UNREACHABLE_CODE = YES;
				CLANG_WARN__DUPLICATE_METHOD_MATCH = YES;
				COPY_PHASE_STRIP = NO;
				DEBUG_INFORMATION_FORMAT = dwarf;
				ENABLE_STRICT_OBJC_MSGSEND = YES;
				ENABLE_TESTABILITY = YES;
				ENABLE_USER_SCRIPT_SANDBOXING = YES;
				GCC_C_LANGUAGE_STANDARD = gnu17;
				GCC_DYNAMIC_NO_PIC = NO;
				GCC_NO_COMMON_BLOCKS = YES;
				GCC_OPTIMIZATION_LEVEL = 0;
				GCC_PREPROCESSOR_DEFINITIONS = (
					"DEBUG=1",
					"$(inherited)",
				);
				GCC_WARN_64_TO_32_BIT_CONVERSION = YES;
				GCC_WARN_ABOUT_RETURN_TYPE = YES_ERROR;
				GCC_WARN_UNDECLARED_SELECTOR = YES;
				GCC_WARN_UNINITIALIZED_AUTOS = YES_AGGRESSIVE;
				GCC_WARN_UNUSED_FUNCTION = YES;
				GCC_WARN_UNUSED_VARIABLE = YES;
				IPHONEOS_DEPLOYMENT_TARGET = 17.0;
				LOCALIZATION_PREFERS_STRING_CATALOGS = YES;
				MTL_ENABLE_DEBUG_INFO = INCLUDE_SOURCE;
				MTL_FAST_MATH = YES;
				ONLY_ACTIVE_ARCH = YES;
				SDKROOT = iphoneos;
				SWIFT_ACTIVE_COMPILATION_CONDITIONS = "DEBUG $(inherited)";
				SWIFT_OPTIMIZATION_LEVEL = "-Onone";
			};
			name = Debug;
		};
		E74B545A2B03A4A500EB1AF0 /* Release */ = {
			isa = XCBuildConfiguration;
			buildSettings = {
				ALWAYS_SEARCH_USER_PATHS = NO;
				ASSETCATALOG_COMPILER_GENERATE_SWIFT_ASSET_SYMBOL_EXTENSIONS = YES;
				CLANG_ANALYZER_NONNULL = YES;
				CLANG_ANALYZER_NUMBER_OBJECT_CONVERSION = YES_AGGRESSIVE;
				CLANG_CXX_LANGUAGE_STANDARD = "gnu++20";
				CLANG_ENABLE_MODULES = YES;
				CLANG_ENABLE_OBJC_ARC = YES;
				CLANG_ENABLE_OBJC_WEAK = YES;
				CLANG_WARN_BLOCK_CAPTURE_AUTORELEASING = YES;
				CLANG_WARN_BOOL_CONVERSION = YES;
				CLANG_WARN_COMMA = YES;
				CLANG_WARN_CONSTANT_CONVERSION = YES;
				CLANG_WARN_DEPRECATED_OBJC_IMPLEMENTATIONS = YES;
				CLANG_WARN_DIRECT_OBJC_ISA_USAGE = YES_ERROR;
				CLANG_WARN_DOCUMENTATION_COMMENTS = YES;
				CLANG_WARN_EMPTY_BODY = YES;
				CLANG_WARN_ENUM_CONVERSION = YES;
				CLANG_WARN_INFINITE_RECURSION = YES;
				CLANG_WARN_INT_CONVERSION = YES;
				CLANG_WARN_NON_LITERAL_NULL_CONVERSION = YES;
				CLANG_WARN_OBJC_IMPLICIT_RETAIN_SELF = YES;
				CLANG_WARN_OBJC_LITERAL_CONVERSION = YES;
				CLANG_WARN_OBJC_ROOT_CLASS = YES_ERROR;
				CLANG_WARN_QUOTED_INCLUDE_IN_FRAMEWORK_HEADER = YES;
				CLANG_WARN_RANGE_LOOP_ANALYSIS = YES;
				CLANG_WARN_STRICT_PROTOTYPES = YES;
				CLANG_WARN_SUSPICIOUS_MOVE = YES;
				CLANG_WARN_UNGUARDED_AVAILABILITY = YES_AGGRESSIVE;
				CLANG_WARN_UNREACHABLE_CODE = YES;
				CLANG_WARN__DUPLICATE_METHOD_MATCH = YES;
				COPY_PHASE_STRIP = NO;
				DEBUG_INFORMATION_FORMAT = "dwarf-with-dsym";
				ENABLE_NS_ASSERTIONS = NO;
				ENABLE_STRICT_OBJC_MSGSEND = YES;
				ENABLE_USER_SCRIPT_SANDBOXING = YES;
				GCC_C_LANGUAGE_STANDARD = gnu17;
				GCC_NO_COMMON_BLOCKS = YES;
				GCC_WARN_64_TO_32_BIT_CONVERSION = YES;
				GCC_WARN_ABOUT_RETURN_TYPE = YES_ERROR;
				GCC_WARN_UNDECLARED_SELECTOR = YES;
				GCC_WARN_UNINITIALIZED_AUTOS = YES_AGGRESSIVE;
				GCC_WARN_UNUSED_FUNCTION = YES;
				GCC_WARN_UNUSED_VARIABLE = YES;
				IPHONEOS_DEPLOYMENT_TARGET = 17.0;
				LOCALIZATION_PREFERS_STRING_CATALOGS = YES;
				MTL_ENABLE_DEBUG_INFO = NO;
				MTL_FAST_MATH = YES;
				SDKROOT = iphoneos;
				SWIFT_COMPILATION_MODE = wholemodule;
				VALIDATE_PRODUCT = YES;
			};
			name = Release;
		};
		E74B545C2B03A4A500EB1AF0 /* Debug */ = {
			isa = XCBuildConfiguration;
			buildSettings = {
				ASSETCATALOG_COMPILER_APPICON_NAME = AppIcon;
				ASSETCATALOG_COMPILER_GLOBAL_ACCENT_COLOR_NAME = AccentColor;
				CODE_SIGN_STYLE = Automatic;
				CURRENT_PROJECT_VERSION = 1;
				DEVELOPMENT_ASSET_PATHS = "\"ReelsLayout/Preview Content\"";
				DEVELOPMENT_TEAM = NN56R38BZT;
				ENABLE_PREVIEWS = YES;
				GENERATE_INFOPLIST_FILE = YES;
				INFOPLIST_KEY_UIApplicationSceneManifest_Generation = YES;
				INFOPLIST_KEY_UIApplicationSupportsIndirectInputEvents = YES;
				INFOPLIST_KEY_UILaunchScreen_Generation = YES;
				INFOPLIST_KEY_UISupportedInterfaceOrientations_iPad = "UIInterfaceOrientationPortrait UIInterfaceOrientationPortraitUpsideDown UIInterfaceOrientationLandscapeLeft UIInterfaceOrientationLandscapeRight";
				INFOPLIST_KEY_UISupportedInterfaceOrientations_iPhone = "UIInterfaceOrientationPortrait UIInterfaceOrientationLandscapeLeft UIInterfaceOrientationLandscapeRight";
				LD_RUNPATH_SEARCH_PATHS = (
					"$(inherited)",
					"@executable_path/Frameworks",
				);
				MARKETING_VERSION = 1.0;
				PRODUCT_BUNDLE_IDENTIFIER = con.lurich.ReelsLayout;
				PRODUCT_NAME = "$(TARGET_NAME)";
				SWIFT_EMIT_LOC_STRINGS = YES;
				SWIFT_VERSION = 5.0;
				TARGETED_DEVICE_FAMILY = "1,2";
			};
			name = Debug;
		};
		E74B545D2B03A4A500EB1AF0 /* Release */ = {
			isa = XCBuildConfiguration;
			buildSettings = {
				ASSETCATALOG_COMPILER_APPICON_NAME = AppIcon;
				ASSETCATALOG_COMPILER_GLOBAL_ACCENT_COLOR_NAME = AccentColor;
				CODE_SIGN_STYLE = Automatic;
				CURRENT_PROJECT_VERSION = 1;
				DEVELOPMENT_ASSET_PATHS = "\"ReelsLayout/Preview Content\"";
				DEVELOPMENT_TEAM = NN56R38BZT;
				ENABLE_PREVIEWS = YES;
				GENERATE_INFOPLIST_FILE = YES;
				INFOPLIST_KEY_UIApplicationSceneManifest_Generation = YES;
				INFOPLIST_KEY_UIApplicationSupportsIndirectInputEvents = YES;
				INFOPLIST_KEY_UILaunchScreen_Generation = YES;
				INFOPLIST_KEY_UISupportedInterfaceOrientations_iPad = "UIInterfaceOrientationPortrait UIInterfaceOrientationPortraitUpsideDown UIInterfaceOrientationLandscapeLeft UIInterfaceOrientationLandscapeRight";
				INFOPLIST_KEY_UISupportedInterfaceOrientations_iPhone = "UIInterfaceOrientationPortrait UIInterfaceOrientationLandscapeLeft UIInterfaceOrientationLandscapeRight";
				LD_RUNPATH_SEARCH_PATHS = (
					"$(inherited)",
					"@executable_path/Frameworks",
				);
				MARKETING_VERSION = 1.0;
				PRODUCT_BUNDLE_IDENTIFIER = con.lurich.ReelsLayout;
				PRODUCT_NAME = "$(TARGET_NAME)";
				SWIFT_EMIT_LOC_STRINGS = YES;
				SWIFT_VERSION = 5.0;
				TARGETED_DEVICE_FAMILY = "1,2";
			};
			name = Release;
		};
/* End XCBuildConfiguration section */

/* Begin XCConfigurationList section */
		E74B54482B03A4A300EB1AF0 /* Build configuration list for PBXProject "ReelsLayout" */ = {
			isa = XCConfigurationList;
			buildConfigurations = (
				E74B54592B03A4A500EB1AF0 /* Debug */,
				E74B545A2B03A4A500EB1AF0 /* Release */,
			);
			defaultConfigurationIsVisible = 0;
			defaultConfigurationName = Release;
		};
		E74B545B2B03A4A500EB1AF0 /* Build configuration list for PBXNativeTarget "ReelsLayout" */ = {
			isa = XCConfigurationList;
			buildConfigurations = (
				E74B545C2B03A4A500EB1AF0 /* Debug */,
				E74B545D2B03A4A500EB1AF0 /* Release */,
			);
			defaultConfigurationIsVisible = 0;
			defaultConfigurationName = Release;
		};
/* End XCConfigurationList section */
	};
	rootObject = E74B54452B03A4A300EB1AF0 /* Project object */;
}
