// !$*UTF8*$!
{
	archiveVersion = 1;
	classes = {
	};
	objectVersion = 56;
	objects = {

/* Begin PBXBuildFile section */
		E75BB1112B025BFC00F677C8 /* ScrollableTabViewApp.swift in Sources */ = {isa = PBXBuildFile; fileRef = E75BB1102B025BFC00F677C8 /* ScrollableTabViewApp.swift */; };
		E75BB1132B025BFC00F677C8 /* ContentView.swift in Sources */ = {isa = PBXBuildFile; fileRef = E75BB1122B025BFC00F677C8 /* ContentView.swift */; };
		E75BB1152B025BFE00F677C8 /* Assets.xcassets in Resources */ = {isa = PBXBuildFile; fileRef = E75BB1142B025BFE00F677C8 /* Assets.xcassets */; };
		E75BB1182B025BFE00F677C8 /* Preview Assets.xcassets in Resources */ = {isa = PBXBuildFile; fileRef = E75BB1172B025BFE00F677C8 /* Preview Assets.xcassets */; };
		E75BB1202B025C2B00F677C8 /* Tab.swift in Sources */ = {isa = PBXBuildFile; fileRef = E75BB11F2B025C2B00F677C8 /* Tab.swift */; };
		E75BB1232B025C9E00F677C8 /* Home.swift in Sources */ = {isa = PBXBuildFile; fileRef = E75BB1222B025C9E00F677C8 /* Home.swift */; };
		E75BB1262B02694000F677C8 /* View+Extension.swift in Sources */ = {isa = PBXBuildFile; fileRef = E75BB1252B02694000F677C8 /* View+Extension.swift */; };
/* End PBXBuildFile section */

/* Begin PBXFileReference section */
		E75BB10D2B025BFC00F677C8 /* ScrollableTabView.app */ = {isa = PBXFileReference; explicitFileType = wrapper.application; includeInIndex = 0; path = ScrollableTabView.app; sourceTree = BUILT_PRODUCTS_DIR; };
		E75BB1102B025BFC00F677C8 /* ScrollableTabViewApp.swift */ = {isa = PBXFileReference; lastKnownFileType = sourcecode.swift; path = ScrollableTabViewApp.swift; sourceTree = "<group>"; };
		E75BB1122B025BFC00F677C8 /* ContentView.swift */ = {isa = PBXFileReference; lastKnownFileType = sourcecode.swift; path = ContentView.swift; sourceTree = "<group>"; };
		E75BB1142B025BFE00F677C8 /* Assets.xcassets */ = {isa = PBXFileReference; lastKnownFileType = folder.assetcatalog; path = Assets.xcassets; sourceTree = "<group>"; };
		E75BB1172B025BFE00F677C8 /* Preview Assets.xcassets */ = {isa = PBXFileReference; lastKnownFileType = folder.assetcatalog; path = "Preview Assets.xcassets"; sourceTree = "<group>"; };
		E75BB11F2B025C2B00F677C8 /* Tab.swift */ = {isa = PBXFileReference; lastKnownFileType = sourcecode.swift; path = Tab.swift; sourceTree = "<group>"; };
		E75BB1222B025C9E00F677C8 /* Home.swift */ = {isa = PBXFileReference; lastKnownFileType = sourcecode.swift; path = Home.swift; sourceTree = "<group>"; };
		E75BB1252B02694000F677C8 /* View+Extension.swift */ = {isa = PBXFileReference; lastKnownFileType = sourcecode.swift; path = "View+Extension.swift"; sourceTree = "<group>"; };
/* End PBXFileReference section */

/* Begin PBXFrameworksBuildPhase section */
		E75BB10A2B025BFC00F677C8 /* Frameworks */ = {
			isa = PBXFrameworksBuildPhase;
			buildActionMask = 2147483647;
			files = (
			);
			runOnlyForDeploymentPostprocessing = 0;
		};
/* End PBXFrameworksBuildPhase section */

/* Begin PBXGroup section */
		E75BB1042B025BFC00F677C8 = {
			isa = PBXGroup;
			children = (
				E75BB10F2B025BFC00F677C8 /* ScrollableTabView */,
				E75BB10E2B025BFC00F677C8 /* Products */,
			);
			sourceTree = "<group>";
		};
		E75BB10E2B025BFC00F677C8 /* Products */ = {
			isa = PBXGroup;
			children = (
				E75BB10D2B025BFC00F677C8 /* ScrollableTabView.app */,
			);
			name = Products;
			sourceTree = "<group>";
		};
		E75BB10F2B025BFC00F677C8 /* ScrollableTabView */ = {
			isa = PBXGroup;
			children = (
				E75BB1242B02692F00F677C8 /* Extension */,
				E75BB1212B025C9200F677C8 /* Views */,
				E75BB11E2B025C2200F677C8 /* Model */,
				E75BB1102B025BFC00F677C8 /* ScrollableTabViewApp.swift */,
				E75BB1122B025BFC00F677C8 /* ContentView.swift */,
				E75BB1142B025BFE00F677C8 /* Assets.xcassets */,
				E75BB1162B025BFE00F677C8 /* Preview Content */,
			);
			path = ScrollableTabView;
			sourceTree = "<group>";
		};
		E75BB1162B025BFE00F677C8 /* Preview Content */ = {
			isa = PBXGroup;
			children = (
				E75BB1172B025BFE00F677C8 /* Preview Assets.xcassets */,
			);
			path = "Preview Content";
			sourceTree = "<group>";
		};
		E75BB11E2B025C2200F677C8 /* Model */ = {
			isa = PBXGroup;
			children = (
				E75BB11F2B025C2B00F677C8 /* Tab.swift */,
			);
			path = Model;
			sourceTree = "<group>";
		};
		E75BB1212B025C9200F677C8 /* Views */ = {
			isa = PBXGroup;
			children = (
				E75BB1222B025C9E00F677C8 /* Home.swift */,
			);
			path = Views;
			sourceTree = "<group>";
		};
		E75BB1242B02692F00F677C8 /* Extension */ = {
			isa = PBXGroup;
			children = (
				E75BB1252B02694000F677C8 /* View+Extension.swift */,
			);
			path = Extension;
			sourceTree = "<group>";
		};
/* End PBXGroup section */

/* Begin PBXNativeTarget section */
		E75BB10C2B025BFC00F677C8 /* ScrollableTabView */ = {
			isa = PBXNativeTarget;
			buildConfigurationList = E75BB11B2B025BFE00F677C8 /* Build configuration list for PBXNativeTarget "ScrollableTabView" */;
			buildPhases = (
				E75BB1092B025BFC00F677C8 /* Sources */,
				E75BB10A2B025BFC00F677C8 /* Frameworks */,
				E75BB10B2B025BFC00F677C8 /* Resources */,
			);
			buildRules = (
			);
			dependencies = (
			);
			name = ScrollableTabView;
			productName = ScrollableTabView;
			productReference = E75BB10D2B025BFC00F677C8 /* ScrollableTabView.app */;
			productType = "com.apple.product-type.application";
		};
/* End PBXNativeTarget section */

/* Begin PBXProject section */
		E75BB1052B025BFC00F677C8 /* Project object */ = {
			isa = PBXProject;
			attributes = {
				BuildIndependentTargetsInParallel = 1;
				LastSwiftUpdateCheck = 1500;
				LastUpgradeCheck = 1500;
				TargetAttributes = {
					E75BB10C2B025BFC00F677C8 = {
						CreatedOnToolsVersion = 15.0.1;
					};
				};
			};
			buildConfigurationList = E75BB1082B025BFC00F677C8 /* Build configuration list for PBXProject "ScrollableTabView" */;
			compatibilityVersion = "Xcode 14.0";
			developmentRegion = en;
			hasScannedForEncodings = 0;
			knownRegions = (
				en,
				Base,
			);
			mainGroup = E75BB1042B025BFC00F677C8;
			productRefGroup = E75BB10E2B025BFC00F677C8 /* Products */;
			projectDirPath = "";
			projectRoot = "";
			targets = (
				E75BB10C2B025BFC00F677C8 /* ScrollableTabView */,
			);
		};
/* End PBXProject section */

/* Begin PBXResourcesBuildPhase section */
		E75BB10B2B025BFC00F677C8 /* Resources */ = {
			isa = PBXResourcesBuildPhase;
			buildActionMask = 2147483647;
			files = (
				E75BB1182B025BFE00F677C8 /* Preview Assets.xcassets in Resources */,
				E75BB1152B025BFE00F677C8 /* Assets.xcassets in Resources */,
			);
			runOnlyForDeploymentPostprocessing = 0;
		};
/* End PBXResourcesBuildPhase section */

/* Begin PBXSourcesBuildPhase section */
		E75BB1092B025BFC00F677C8 /* Sources */ = {
			isa = PBXSourcesBuildPhase;
			buildActionMask = 2147483647;
			files = (
				E75BB1202B025C2B00F677C8 /* Tab.swift in Sources */,
				E75BB1132B025BFC00F677C8 /* ContentView.swift in Sources */,
				E75BB1262B02694000F677C8 /* View+Extension.swift in Sources */,
				E75BB1232B025C9E00F677C8 /* Home.swift in Sources */,
				E75BB1112B025BFC00F677C8 /* ScrollableTabViewApp.swift in Sources */,
			);
			runOnlyForDeploymentPostprocessing = 0;
		};
/* End PBXSourcesBuildPhase section */

/* Begin XCBuildConfiguration section */
		E75BB1192B025BFE00F677C8 /* Debug */ = {
			isa = XCBuildConfiguration;
			buildSettings = {
				ALWAYS_SEARCH_USER_PATHS = NO;
				ASSETCATALOG_COMPILER_GENERATE_SWIFT_ASSET_SYMBOL_EXTENSIONS = YES;
				CLANG_ANALYZER_NONNULL = YES;
				CLANG_ANALYZER_NUMBER_OBJECT_CONVERSION = YES_AGGRESSIVE;
				CLANG_CXX_LANGUAGE_STANDARD = "gnu++20";
				CLANG_ENABLE_MODULES = YES;
				CLANG_ENABLE_OBJC_ARC = YES;
				CLANG_ENABLE_OBJC_WEAK = YES;
				CLANG_WARN_BLOCK_CAPTURE_AUTORELEASING = YES;
				CLANG_WARN_BOOL_CONVERSION = YES;
				CLANG_WARN_COMMA = YES;
				CLANG_WARN_CONSTANT_CONVERSION = YES;
				CLANG_WARN_DEPRECATED_OBJC_IMPLEMENTATIONS = YES;
				CLANG_WARN_DIRECT_OBJC_ISA_USAGE = YES_ERROR;
				CLANG_WARN_DOCUMENTATION_COMMENTS = YES;
				CLANG_WARN_EMPTY_BODY = YES;
				CLANG_WARN_ENUM_CONVERSION = YES;
				CLANG_WARN_INFINITE_RECURSION = YES;
				CLANG_WARN_INT_CONVERSION = YES;
				CLANG_WARN_NON_LITERAL_NULL_CONVERSION = YES;
				CLANG_WARN_OBJC_IMPLICIT_RETAIN_SELF = YES;
				CLANG_WARN_OBJC_LITERAL_CONVERSION = YES;
				CLANG_WARN_OBJC_ROOT_CLASS = YES_ERROR;
				CLANG_WARN_QUOTED_INCLUDE_IN_FRAMEWORK_HEADER = YES;
				CLANG_WARN_RANGE_LOOP_ANALYSIS = YES;
				CLANG_WARN_STRICT_PROTOTYPES = YES;
				CLANG_WARN_SUSPICIOUS_MOVE = YES;
				CLANG_WARN_UNGUARDED_AVAILABILITY = YES_AGGRESSIVE;
				CLANG_WARN_UNREACHABLE_CODE = YES;
				CLANG_WARN__DUPLICATE_METHOD_MATCH = YES;
				COPY_PHASE_STRIP = NO;
				DEBUG_INFORMATION_FORMAT = dwarf;
				ENABLE_STRICT_OBJC_MSGSEND = YES;
				ENABLE_TESTABILITY = YES;
				ENABLE_USER_SCRIPT_SANDBOXING = YES;
				GCC_C_LANGUAGE_STANDARD = gnu17;
				GCC_DYNAMIC_NO_PIC = NO;
				GCC_NO_COMMON_BLOCKS = YES;
				GCC_OPTIMIZATION_LEVEL = 0;
				GCC_PREPROCESSOR_DEFINITIONS = (
					"DEBUG=1",
					"$(inherited)",
				);
				GCC_WARN_64_TO_32_BIT_CONVERSION = YES;
				GCC_WARN_ABOUT_RETURN_TYPE = YES_ERROR;
				GCC_WARN_UNDECLARED_SELECTOR = YES;
				GCC_WARN_UNINITIALIZED_AUTOS = YES_AGGRESSIVE;
				GCC_WARN_UNUSED_FUNCTION = YES;
				GCC_WARN_UNUSED_VARIABLE = YES;
				IPHONEOS_DEPLOYMENT_TARGET = 17.0;
				LOCALIZATION_PREFERS_STRING_CATALOGS = YES;
				MTL_ENABLE_DEBUG_INFO = INCLUDE_SOURCE;
				MTL_FAST_MATH = YES;
				ONLY_ACTIVE_ARCH = YES;
				SDKROOT = iphoneos;
				SWIFT_ACTIVE_COMPILATION_CONDITIONS = "DEBUG $(inherited)";
				SWIFT_OPTIMIZATION_LEVEL = "-Onone";
			};
			name = Debug;
		};
		E75BB11A2B025BFE00F677C8 /* Release */ = {
			isa = XCBuildConfiguration;
			buildSettings = {
				ALWAYS_SEARCH_USER_PATHS = NO;
				ASSETCATALOG_COMPILER_GENERATE_SWIFT_ASSET_SYMBOL_EXTENSIONS = YES;
				CLANG_ANALYZER_NONNULL = YES;
				CLANG_ANALYZER_NUMBER_OBJECT_CONVERSION = YES_AGGRESSIVE;
				CLANG_CXX_LANGUAGE_STANDARD = "gnu++20";
				CLANG_ENABLE_MODULES = YES;
				CLANG_ENABLE_OBJC_ARC = YES;
				CLANG_ENABLE_OBJC_WEAK = YES;
				CLANG_WARN_BLOCK_CAPTURE_AUTORELEASING = YES;
				CLANG_WARN_BOOL_CONVERSION = YES;
				CLANG_WARN_COMMA = YES;
				CLANG_WARN_CONSTANT_CONVERSION = YES;
				CLANG_WARN_DEPRECATED_OBJC_IMPLEMENTATIONS = YES;
				CLANG_WARN_DIRECT_OBJC_ISA_USAGE = YES_ERROR;
				CLANG_WARN_DOCUMENTATION_COMMENTS = YES;
				CLANG_WARN_EMPTY_BODY = YES;
				CLANG_WARN_ENUM_CONVERSION = YES;
				CLANG_WARN_INFINITE_RECURSION = YES;
				CLANG_WARN_INT_CONVERSION = YES;
				CLANG_WARN_NON_LITERAL_NULL_CONVERSION = YES;
				CLANG_WARN_OBJC_IMPLICIT_RETAIN_SELF = YES;
				CLANG_WARN_OBJC_LITERAL_CONVERSION = YES;
				CLANG_WARN_OBJC_ROOT_CLASS = YES_ERROR;
				CLANG_WARN_QUOTED_INCLUDE_IN_FRAMEWORK_HEADER = YES;
				CLANG_WARN_RANGE_LOOP_ANALYSIS = YES;
				CLANG_WARN_STRICT_PROTOTYPES = YES;
				CLANG_WARN_SUSPICIOUS_MOVE = YES;
				CLANG_WARN_UNGUARDED_AVAILABILITY = YES_AGGRESSIVE;
				CLANG_WARN_UNREACHABLE_CODE = YES;
				CLANG_WARN__DUPLICATE_METHOD_MATCH = YES;
				COPY_PHASE_STRIP = NO;
				DEBUG_INFORMATION_FORMAT = "dwarf-with-dsym";
				ENABLE_NS_ASSERTIONS = NO;
				ENABLE_STRICT_OBJC_MSGSEND = YES;
				ENABLE_USER_SCRIPT_SANDBOXING = YES;
				GCC_C_LANGUAGE_STANDARD = gnu17;
				GCC_NO_COMMON_BLOCKS = YES;
				GCC_WARN_64_TO_32_BIT_CONVERSION = YES;
				GCC_WARN_ABOUT_RETURN_TYPE = YES_ERROR;
				GCC_WARN_UNDECLARED_SELECTOR = YES;
				GCC_WARN_UNINITIALIZED_AUTOS = YES_AGGRESSIVE;
				GCC_WARN_UNUSED_FUNCTION = YES;
				GCC_WARN_UNUSED_VARIABLE = YES;
				IPHONEOS_DEPLOYMENT_TARGET = 17.0;
				LOCALIZATION_PREFERS_STRING_CATALOGS = YES;
				MTL_ENABLE_DEBUG_INFO = NO;
				MTL_FAST_MATH = YES;
				SDKROOT = iphoneos;
				SWIFT_COMPILATION_MODE = wholemodule;
				VALIDATE_PRODUCT = YES;
			};
			name = Release;
		};
		E75BB11C2B025BFE00F677C8 /* Debug */ = {
			isa = XCBuildConfiguration;
			buildSettings = {
				ASSETCATALOG_COMPILER_APPICON_NAME = AppIcon;
				ASSETCATALOG_COMPILER_GLOBAL_ACCENT_COLOR_NAME = AccentColor;
				CODE_SIGN_STYLE = Automatic;
				CURRENT_PROJECT_VERSION = 1;
				DEVELOPMENT_ASSET_PATHS = "\"ScrollableTabView/Preview Content\"";
				DEVELOPMENT_TEAM = NN56R38BZT;
				ENABLE_PREVIEWS = YES;
				GENERATE_INFOPLIST_FILE = YES;
				INFOPLIST_KEY_UIApplicationSceneManifest_Generation = YES;
				INFOPLIST_KEY_UIApplicationSupportsIndirectInputEvents = YES;
				INFOPLIST_KEY_UILaunchScreen_Generation = YES;
				INFOPLIST_KEY_UISupportedInterfaceOrientations_iPad = "UIInterfaceOrientationPortrait UIInterfaceOrientationPortraitUpsideDown UIInterfaceOrientationLandscapeLeft UIInterfaceOrientationLandscapeRight";
				INFOPLIST_KEY_UISupportedInterfaceOrientations_iPhone = "UIInterfaceOrientationPortrait UIInterfaceOrientationLandscapeLeft UIInterfaceOrientationLandscapeRight";
				LD_RUNPATH_SEARCH_PATHS = (
					"$(inherited)",
					"@executable_path/Frameworks",
				);
				MARKETING_VERSION = 1.0;
				PRODUCT_BUNDLE_IDENTIFIER = con.lurich.ScrollableTabView;
				PRODUCT_NAME = "$(TARGET_NAME)";
				SWIFT_EMIT_LOC_STRINGS = YES;
				SWIFT_VERSION = 5.0;
				TARGETED_DEVICE_FAMILY = "1,2";
			};
			name = Debug;
		};
		E75BB11D2B025BFE00F677C8 /* Release */ = {
			isa = XCBuildConfiguration;
			buildSettings = {
				ASSETCATALOG_COMPILER_APPICON_NAME = AppIcon;
				ASSETCATALOG_COMPILER_GLOBAL_ACCENT_COLOR_NAME = AccentColor;
				CODE_SIGN_STYLE = Automatic;
				CURRENT_PROJECT_VERSION = 1;
				DEVELOPMENT_ASSET_PATHS = "\"ScrollableTabView/Preview Content\"";
				DEVELOPMENT_TEAM = NN56R38BZT;
				ENABLE_PREVIEWS = YES;
				GENERATE_INFOPLIST_FILE = YES;
				INFOPLIST_KEY_UIApplicationSceneManifest_Generation = YES;
				INFOPLIST_KEY_UIApplicationSupportsIndirectInputEvents = YES;
				INFOPLIST_KEY_UILaunchScreen_Generation = YES;
				INFOPLIST_KEY_UISupportedInterfaceOrientations_iPad = "UIInterfaceOrientationPortrait UIInterfaceOrientationPortraitUpsideDown UIInterfaceOrientationLandscapeLeft UIInterfaceOrientationLandscapeRight";
				INFOPLIST_KEY_UISupportedInterfaceOrientations_iPhone = "UIInterfaceOrientationPortrait UIInterfaceOrientationLandscapeLeft UIInterfaceOrientationLandscapeRight";
				LD_RUNPATH_SEARCH_PATHS = (
					"$(inherited)",
					"@executable_path/Frameworks",
				);
				MARKETING_VERSION = 1.0;
				PRODUCT_BUNDLE_IDENTIFIER = con.lurich.ScrollableTabView;
				PRODUCT_NAME = "$(TARGET_NAME)";
				SWIFT_EMIT_LOC_STRINGS = YES;
				SWIFT_VERSION = 5.0;
				TARGETED_DEVICE_FAMILY = "1,2";
			};
			name = Release;
		};
/* End XCBuildConfiguration section */

/* Begin XCConfigurationList section */
		E75BB1082B025BFC00F677C8 /* Build configuration list for PBXProject "ScrollableTabView" */ = {
			isa = XCConfigurationList;
			buildConfigurations = (
				E75BB1192B025BFE00F677C8 /* Debug */,
				E75BB11A2B025BFE00F677C8 /* Release */,
			);
			defaultConfigurationIsVisible = 0;
			defaultConfigurationName = Release;
		};
		E75BB11B2B025BFE00F677C8 /* Build configuration list for PBXNativeTarget "ScrollableTabView" */ = {
			isa = XCConfigurationList;
			buildConfigurations = (
				E75BB11C2B025BFE00F677C8 /* Debug */,
				E75BB11D2B025BFE00F677C8 /* Release */,
			);
			defaultConfigurationIsVisible = 0;
			defaultConfigurationName = Release;
		};
/* End XCConfigurationList section */
	};
	rootObject = E75BB1052B025BFC00F677C8 /* Project object */;
}
